// !$*UTF8*$!
{
	archiveVersion = 1;
	classes = {
	};
	objectVersion = 46;
	objects = {

/* Begin PBXBuildFile section */
		E024691210F502E9006FBB62 /* lcl.m in Sources */ = {isa = PBXBuildFile; fileRef = E024691110F502E9006FBB62 /* lcl.m */; };
		E024692A10F5034F006FBB62 /* lcl.m in Sources */ = {isa = PBXBuildFile; fileRef = E024691110F502E9006FBB62 /* lcl.m */; };
		E024694B10F50648006FBB62 /* LogFileTestsConfigurationTests.m in Sources */ = {isa = PBXBuildFile; fileRef = E024694A10F50648006FBB62 /* LogFileTestsConfigurationTests.m */; };
		E024694C10F5064F006FBB62 /* LogFileTestsConfigurationTests.m in Sources */ = {isa = PBXBuildFile; fileRef = E024694A10F50648006FBB62 /* LogFileTestsConfigurationTests.m */; };
		E024696F10F507E6006FBB62 /* LogFileTestsAllocationTests.m in Sources */ = {isa = PBXBuildFile; fileRef = E024696E10F507E6006FBB62 /* LogFileTestsAllocationTests.m */; };
		E03C9E3F10F5218F0090E09B /* LogFileTestsLoggingTests.m in Sources */ = {isa = PBXBuildFile; fileRef = E03C9E3E10F5218F0090E09B /* LogFileTestsLoggingTests.m */; };
		E03C9F6210F682FF0090E09B /* LogFileTestsAllocationTests.m in Sources */ = {isa = PBXBuildFile; fileRef = E024696E10F507E6006FBB62 /* LogFileTestsAllocationTests.m */; };
		E03C9F6310F682FF0090E09B /* LogFileTestsLoggingTests.m in Sources */ = {isa = PBXBuildFile; fileRef = E03C9E3E10F5218F0090E09B /* LogFileTestsLoggingTests.m */; };
		E03C9F6B10F683690090E09B /* LogFileTestsFileRotationTests.m in Sources */ = {isa = PBXBuildFile; fileRef = E03C9F6A10F683690090E09B /* LogFileTestsFileRotationTests.m */; };
		E03C9F6C10F683690090E09B /* LogFileTestsFileRotationTests.m in Sources */ = {isa = PBXBuildFile; fileRef = E03C9F6A10F683690090E09B /* LogFileTestsFileRotationTests.m */; };
		E03C9F7810F683B40090E09B /* lcl.m in Sources */ = {isa = PBXBuildFile; fileRef = E024691110F502E9006FBB62 /* lcl.m */; };
		E03C9F7910F683B40090E09B /* LCLLogFile.m in Sources */ = {isa = PBXBuildFile; fileRef = E0DC99E810F4FE080088653D /* LCLLogFile.m */; };
		E03C9F7A10F683B40090E09B /* LogFileTestsAllocationTests.m in Sources */ = {isa = PBXBuildFile; fileRef = E024696E10F507E6006FBB62 /* LogFileTestsAllocationTests.m */; };
		E03C9F7B10F683B40090E09B /* LogFileTestsConfigurationTests.m in Sources */ = {isa = PBXBuildFile; fileRef = E024694A10F50648006FBB62 /* LogFileTestsConfigurationTests.m */; };
		E03C9F7C10F683B40090E09B /* LogFileTestsLoggingTests.m in Sources */ = {isa = PBXBuildFile; fileRef = E03C9E3E10F5218F0090E09B /* LogFileTestsLoggingTests.m */; };
		E03C9F7D10F683B40090E09B /* LogFileTestsFileRotationTests.m in Sources */ = {isa = PBXBuildFile; fileRef = E03C9F6A10F683690090E09B /* LogFileTestsFileRotationTests.m */; };
		E06517BE1101E228003357A7 /* LogFile-Tests-Framework-MacOSX.framework in Frameworks */ = {isa = PBXBuildFile; fileRef = E06517B51101E1E8003357A7 /* LogFile-Tests-Framework-MacOSX.framework */; };
		E06517DA1101E2C5003357A7 /* LogFileTestsFrameworkMain.h in Headers */ = {isa = PBXBuildFile; fileRef = E06517D81101E2C5003357A7 /* LogFileTestsFrameworkMain.h */; };
		E06517DB1101E2C5003357A7 /* LogFileTestsFrameworkMain.m in Sources */ = {isa = PBXBuildFile; fileRef = E06517D91101E2C5003357A7 /* LogFileTestsFrameworkMain.m */; };
		E06517F51101E6FC003357A7 /* LogFileTestsFramework.h in Headers */ = {isa = PBXBuildFile; fileRef = E06517931101E10C003357A7 /* LogFileTestsFramework.h */; };
		E06517F61101E707003357A7 /* LCLLogFile.m in Sources */ = {isa = PBXBuildFile; fileRef = E0DC99E810F4FE080088653D /* LCLLogFile.m */; };
		E06517F71101E70C003357A7 /* lcl.m in Sources */ = {isa = PBXBuildFile; fileRef = E024691110F502E9006FBB62 /* lcl.m */; };
		E06518021101E8B5003357A7 /* LogFileTestsFrameworkInjections.h in Headers */ = {isa = PBXBuildFile; fileRef = E06518001101E8B5003357A7 /* LogFileTestsFrameworkInjections.h */; };
		E06518031101E8B5003357A7 /* LogFileTestsFrameworkInjections.m in Sources */ = {isa = PBXBuildFile; fileRef = E06518011101E8B5003357A7 /* LogFileTestsFrameworkInjections.m */; };
		E065188B1101F0D7003357A7 /* LogFileTestsFrameworkTests.m in Sources */ = {isa = PBXBuildFile; fileRef = E06517941101E137003357A7 /* LogFileTestsFrameworkTests.m */; };
		E06519201101F882003357A7 /* lcl.m in Sources */ = {isa = PBXBuildFile; fileRef = E024691110F502E9006FBB62 /* lcl.m */; };
		E06519211101F882003357A7 /* LCLLogFile.m in Sources */ = {isa = PBXBuildFile; fileRef = E0DC99E810F4FE080088653D /* LCLLogFile.m */; };
		E06519361101F8D9003357A7 /* LogFileTestsTemplatesTests.m in Sources */ = {isa = PBXBuildFile; fileRef = E06519351101F8D9003357A7 /* LogFileTestsTemplatesTests.m */; };
		E09C0DF1142F7C3700533FBE /* LogFileTestsSetPathTests.m in Sources */ = {isa = PBXBuildFile; fileRef = E09C0DF0142F7C3700533FBE /* LogFileTestsSetPathTests.m */; };
		E09C0DF2142F7C3700533FBE /* LogFileTestsSetPathTests.m in Sources */ = {isa = PBXBuildFile; fileRef = E09C0DF0142F7C3700533FBE /* LogFileTestsSetPathTests.m */; };
		E09C0DF3142F7C3700533FBE /* LogFileTestsSetPathTests.m in Sources */ = {isa = PBXBuildFile; fileRef = E09C0DF0142F7C3700533FBE /* LogFileTestsSetPathTests.m */; };
		E09C0DF4142F7C3700533FBE /* LogFileTestsSetPathTests.m in Sources */ = {isa = PBXBuildFile; fileRef = E09C0DF0142F7C3700533FBE /* LogFileTestsSetPathTests.m */; };
		E09C0DF5142F7C3700533FBE /* LogFileTestsSetPathTests.m in Sources */ = {isa = PBXBuildFile; fileRef = E09C0DF0142F7C3700533FBE /* LogFileTestsSetPathTests.m */; };
		E0B0BCF510F8CEF2002B788C /* lcl.m in Sources */ = {isa = PBXBuildFile; fileRef = E024691110F502E9006FBB62 /* lcl.m */; };
		E0B0BCF610F8CEF2002B788C /* LCLLogFile.m in Sources */ = {isa = PBXBuildFile; fileRef = E0DC99E810F4FE080088653D /* LCLLogFile.m */; };
		E0B0BCF710F8CEF2002B788C /* LogFileTestsAllocationTests.m in Sources */ = {isa = PBXBuildFile; fileRef = E024696E10F507E6006FBB62 /* LogFileTestsAllocationTests.m */; };
		E0B0BCF810F8CEF2002B788C /* LogFileTestsConfigurationTests.m in Sources */ = {isa = PBXBuildFile; fileRef = E024694A10F50648006FBB62 /* LogFileTestsConfigurationTests.m */; };
		E0B0BCF910F8CEF2002B788C /* LogFileTestsLoggingTests.m in Sources */ = {isa = PBXBuildFile; fileRef = E03C9E3E10F5218F0090E09B /* LogFileTestsLoggingTests.m */; };
		E0B0BCFA10F8CEF2002B788C /* LogFileTestsFileRotationTests.m in Sources */ = {isa = PBXBuildFile; fileRef = E03C9F6A10F683690090E09B /* LogFileTestsFileRotationTests.m */; };
		E0B0BD2510F8D1F0002B788C /* LogFileTestsLoggerConfiguration.m in Sources */ = {isa = PBXBuildFile; fileRef = E0B0BD2410F8D1F0002B788C /* LogFileTestsLoggerConfiguration.m */; };
		E0B0BD2610F8D1F0002B788C /* LogFileTestsLoggerConfiguration.m in Sources */ = {isa = PBXBuildFile; fileRef = E0B0BD2410F8D1F0002B788C /* LogFileTestsLoggerConfiguration.m */; };
		E0B0BD2710F8D1F0002B788C /* LogFileTestsLoggerConfiguration.m in Sources */ = {isa = PBXBuildFile; fileRef = E0B0BD2410F8D1F0002B788C /* LogFileTestsLoggerConfiguration.m */; };
		E0B0BD3D10F8D460002B788C /* LogFileTestsLoggerConfiguration.m in Sources */ = {isa = PBXBuildFile; fileRef = E0B0BD2410F8D1F0002B788C /* LogFileTestsLoggerConfiguration.m */; };
		E0B0BE0D10F90822002B788C /* LogFileTestsLogFormatTests.m in Sources */ = {isa = PBXBuildFile; fileRef = E0B0BE0C10F90822002B788C /* LogFileTestsLogFormatTests.m */; };
		E0B0BE0E10F90822002B788C /* LogFileTestsLogFormatTests.m in Sources */ = {isa = PBXBuildFile; fileRef = E0B0BE0C10F90822002B788C /* LogFileTestsLogFormatTests.m */; };
		E0B0BE0F10F90822002B788C /* LogFileTestsLogFormatTests.m in Sources */ = {isa = PBXBuildFile; fileRef = E0B0BE0C10F90822002B788C /* LogFileTestsLogFormatTests.m */; };
		E0B0BE1010F90822002B788C /* LogFileTestsLogFormatTests.m in Sources */ = {isa = PBXBuildFile; fileRef = E0B0BE0C10F90822002B788C /* LogFileTestsLogFormatTests.m */; };
		E0B56BAC112863B7006E4874 /* lcl.m in Sources */ = {isa = PBXBuildFile; fileRef = E024691110F502E9006FBB62 /* lcl.m */; };
		E0B56BAD112863B7006E4874 /* LCLLogFile.m in Sources */ = {isa = PBXBuildFile; fileRef = E0DC99E810F4FE080088653D /* LCLLogFile.m */; };
		E0B56BAE112863B7006E4874 /* LogFileTestsLoggerConfiguration.m in Sources */ = {isa = PBXBuildFile; fileRef = E0B0BD2410F8D1F0002B788C /* LogFileTestsLoggerConfiguration.m */; };
		E0B56BAF112863B7006E4874 /* LogFileTestsAllocationTests.m in Sources */ = {isa = PBXBuildFile; fileRef = E024696E10F507E6006FBB62 /* LogFileTestsAllocationTests.m */; };
		E0B56BB0112863B7006E4874 /* LogFileTestsConfigurationTests.m in Sources */ = {isa = PBXBuildFile; fileRef = E024694A10F50648006FBB62 /* LogFileTestsConfigurationTests.m */; };
		E0B56BB1112863B7006E4874 /* LogFileTestsLoggingTests.m in Sources */ = {isa = PBXBuildFile; fileRef = E03C9E3E10F5218F0090E09B /* LogFileTestsLoggingTests.m */; };
		E0B56BB2112863B7006E4874 /* LogFileTestsFileRotationTests.m in Sources */ = {isa = PBXBuildFile; fileRef = E03C9F6A10F683690090E09B /* LogFileTestsFileRotationTests.m */; };
		E0B56BB3112863B7006E4874 /* LogFileTestsLogFormatTests.m in Sources */ = {isa = PBXBuildFile; fileRef = E0B0BE0C10F90822002B788C /* LogFileTestsLogFormatTests.m */; };
		E0B56BB4112863B7006E4874 /* LogFileTestsInjections.m in Sources */ = {isa = PBXBuildFile; fileRef = E0BB0FA91100F744008BAE92 /* LogFileTestsInjections.m */; };
		E0B56BB5112863B7006E4874 /* LogFileTestsDefaultPathTests.m in Sources */ = {isa = PBXBuildFile; fileRef = E0BB0FDE1100FB91008BAE92 /* LogFileTestsDefaultPathTests.m */; };
		E0B56BB6112863B7006E4874 /* LogFileTestsInformationTests.m in Sources */ = {isa = PBXBuildFile; fileRef = E0BD9D1E1114B57D00E32B72 /* LogFileTestsInformationTests.m */; };
		E0BB0FAA1100F744008BAE92 /* LogFileTestsInjections.m in Sources */ = {isa = PBXBuildFile; fileRef = E0BB0FA91100F744008BAE92 /* LogFileTestsInjections.m */; };
		E0BB0FAB1100F744008BAE92 /* LogFileTestsInjections.m in Sources */ = {isa = PBXBuildFile; fileRef = E0BB0FA91100F744008BAE92 /* LogFileTestsInjections.m */; };
		E0BB0FAC1100F744008BAE92 /* LogFileTestsInjections.m in Sources */ = {isa = PBXBuildFile; fileRef = E0BB0FA91100F744008BAE92 /* LogFileTestsInjections.m */; };
		E0BB0FAD1100F744008BAE92 /* LogFileTestsInjections.m in Sources */ = {isa = PBXBuildFile; fileRef = E0BB0FA91100F744008BAE92 /* LogFileTestsInjections.m */; };
		E0BB0FDF1100FB91008BAE92 /* LogFileTestsDefaultPathTests.m in Sources */ = {isa = PBXBuildFile; fileRef = E0BB0FDE1100FB91008BAE92 /* LogFileTestsDefaultPathTests.m */; };
		E0BB0FE01100FB91008BAE92 /* LogFileTestsDefaultPathTests.m in Sources */ = {isa = PBXBuildFile; fileRef = E0BB0FDE1100FB91008BAE92 /* LogFileTestsDefaultPathTests.m */; };
		E0BB0FE11100FB91008BAE92 /* LogFileTestsDefaultPathTests.m in Sources */ = {isa = PBXBuildFile; fileRef = E0BB0FDE1100FB91008BAE92 /* LogFileTestsDefaultPathTests.m */; };
		E0BB0FE21100FB91008BAE92 /* LogFileTestsDefaultPathTests.m in Sources */ = {isa = PBXBuildFile; fileRef = E0BB0FDE1100FB91008BAE92 /* LogFileTestsDefaultPathTests.m */; };
		E0BD9D1F1114B57D00E32B72 /* LogFileTestsInformationTests.m in Sources */ = {isa = PBXBuildFile; fileRef = E0BD9D1E1114B57D00E32B72 /* LogFileTestsInformationTests.m */; };
		E0BD9D201114B57D00E32B72 /* LogFileTestsInformationTests.m in Sources */ = {isa = PBXBuildFile; fileRef = E0BD9D1E1114B57D00E32B72 /* LogFileTestsInformationTests.m */; };
		E0BD9D211114B57D00E32B72 /* LogFileTestsInformationTests.m in Sources */ = {isa = PBXBuildFile; fileRef = E0BD9D1E1114B57D00E32B72 /* LogFileTestsInformationTests.m */; };
		E0BD9D221114B57D00E32B72 /* LogFileTestsInformationTests.m in Sources */ = {isa = PBXBuildFile; fileRef = E0BD9D1E1114B57D00E32B72 /* LogFileTestsInformationTests.m */; };
		E0CBBD5A111C17CB0034B4A0 /* LCLLogFile.m in Sources */ = {isa = PBXBuildFile; fileRef = E0DC99E810F4FE080088653D /* LCLLogFile.m */; };
		E0CBBD65111C182A0034B4A0 /* LogFileTestsStandaloneTests.m in Sources */ = {isa = PBXBuildFile; fileRef = E0CBBD64111C182A0034B4A0 /* LogFileTestsStandaloneTests.m */; };
		E0DC99E910F4FE080088653D /* LCLLogFile.m in Sources */ = {isa = PBXBuildFile; fileRef = E0DC99E810F4FE080088653D /* LCLLogFile.m */; };
		E0DC99F310F4FE290088653D /* LCLLogFile.m in Sources */ = {isa = PBXBuildFile; fileRef = E0DC99E810F4FE080088653D /* LCLLogFile.m */; };
		E0ED47331286E53A00ACEDAC /* LogFileTestsObjectiveCPlusPlusTests.mm in Sources */ = {isa = PBXBuildFile; fileRef = E0ED47321286E53A00ACEDAC /* LogFileTestsObjectiveCPlusPlusTests.mm */; };
		E0ED47341286E53A00ACEDAC /* LogFileTestsObjectiveCPlusPlusTests.mm in Sources */ = {isa = PBXBuildFile; fileRef = E0ED47321286E53A00ACEDAC /* LogFileTestsObjectiveCPlusPlusTests.mm */; };
		E0ED47351286E53A00ACEDAC /* LogFileTestsObjectiveCPlusPlusTests.mm in Sources */ = {isa = PBXBuildFile; fileRef = E0ED47321286E53A00ACEDAC /* LogFileTestsObjectiveCPlusPlusTests.mm */; };
		E0ED47361286E53A00ACEDAC /* LogFileTestsObjectiveCPlusPlusTests.mm in Sources */ = {isa = PBXBuildFile; fileRef = E0ED47321286E53A00ACEDAC /* LogFileTestsObjectiveCPlusPlusTests.mm */; };
		E0EDB7C81131D88F00F73151 /* LogFileTestsStdErrMirroringTests.m in Sources */ = {isa = PBXBuildFile; fileRef = E0EDB7C71131D88F00F73151 /* LogFileTestsStdErrMirroringTests.m */; };
		E0EDB7C91131D88F00F73151 /* LogFileTestsStdErrMirroringTests.m in Sources */ = {isa = PBXBuildFile; fileRef = E0EDB7C71131D88F00F73151 /* LogFileTestsStdErrMirroringTests.m */; };
		E0EDB7CA1131D88F00F73151 /* LogFileTestsStdErrMirroringTests.m in Sources */ = {isa = PBXBuildFile; fileRef = E0EDB7C71131D88F00F73151 /* LogFileTestsStdErrMirroringTests.m */; };
		E0EDB7CB1131D88F00F73151 /* LogFileTestsStdErrMirroringTests.m in Sources */ = {isa = PBXBuildFile; fileRef = E0EDB7C71131D88F00F73151 /* LogFileTestsStdErrMirroringTests.m */; };
		E0EDB7CC1131D88F00F73151 /* LogFileTestsStdErrMirroringTests.m in Sources */ = {isa = PBXBuildFile; fileRef = E0EDB7C71131D88F00F73151 /* LogFileTestsStdErrMirroringTests.m */; };
/* End PBXBuildFile section */

/* Begin PBXContainerItemProxy section */
		E06517BC1101E21E003357A7 /* PBXContainerItemProxy */ = {
			isa = PBXContainerItemProxy;
			containerPortal = 29B97313FDCFA39411CA2CEA /* Project object */;
			proxyType = 1;
			remoteGlobalIDString = E06517B41101E1E8003357A7;
			remoteInfo = "LogFile-Tests-Framework";
		};
		E06517D01101E2A1003357A7 /* PBXContainerItemProxy */ = {
			isa = PBXContainerItemProxy;
			containerPortal = 29B97313FDCFA39411CA2CEA /* Project object */;
			proxyType = 1;
			remoteGlobalIDString = E06517B41101E1E8003357A7;
			remoteInfo = "LogFile-Tests-Framework";
		};
		E065193F1101F96E003357A7 /* PBXContainerItemProxy */ = {
			isa = PBXContainerItemProxy;
			containerPortal = 29B97313FDCFA39411CA2CEA /* Project object */;
			proxyType = 1;
			remoteGlobalIDString = E065191B1101F882003357A7;
			remoteInfo = "LogFile-Tests-Templates";
		};
		E0B0BD0510F8CF91002B788C /* PBXContainerItemProxy */ = {
			isa = PBXContainerItemProxy;
			containerPortal = 29B97313FDCFA39411CA2CEA /* Project object */;
			proxyType = 1;
			remoteGlobalIDString = E0B0BCF210F8CEF2002B788C;
			remoteInfo = "LogFile-Tests-MacOSX-10.6-Clang";
		};
		E0B56BC911286406006E4874 /* PBXContainerItemProxy */ = {
			isa = PBXContainerItemProxy;
			containerPortal = 29B97313FDCFA39411CA2CEA /* Project object */;
			proxyType = 1;
			remoteGlobalIDString = E0B56BA9112863B7006E4874;
			remoteInfo = "LogFile-Tests-MacOSX-10.6-StaticAnalyzer";
		};
		E0CBBD66111C18390034B4A0 /* PBXContainerItemProxy */ = {
			isa = PBXContainerItemProxy;
			containerPortal = 29B97313FDCFA39411CA2CEA /* Project object */;
			proxyType = 1;
			remoteGlobalIDString = E0CBBD56111C17CB0034B4A0;
			remoteInfo = "LogFile-Tests-Standalone";
		};
		E0EB43F110F4B371009540E4 /* PBXContainerItemProxy */ = {
			isa = PBXContainerItemProxy;
			containerPortal = 29B97313FDCFA39411CA2CEA /* Project object */;
			proxyType = 1;
			remoteGlobalIDString = E00B95E40F2C88F800309460;
			remoteInfo = "LogFile-Tests-MacOSX-10.5";
		};
/* End PBXContainerItemProxy section */

/* Begin PBXFileReference section */
		E024691010F502E9006FBB62 /* lcl.h */ = {isa = PBXFileReference; fileEncoding = 4; lastKnownFileType = sourcecode.c.h; name = lcl.h; path = Core/lcl.h; sourceTree = "<group>"; };
		E024691110F502E9006FBB62 /* lcl.m */ = {isa = PBXFileReference; fileEncoding = 4; lastKnownFileType = sourcecode.c.objc; name = lcl.m; path = Core/lcl.m; sourceTree = "<group>"; };
		E024691C10F5031A006FBB62 /* LogFileTestsConfigComponents.h */ = {isa = PBXFileReference; fileEncoding = 4; lastKnownFileType = sourcecode.c.h; name = LogFileTestsConfigComponents.h; path = "LogFile-Tests/LogFileTestsConfigComponents.h"; sourceTree = "<group>"; };
		E024694A10F50648006FBB62 /* LogFileTestsConfigurationTests.m */ = {isa = PBXFileReference; fileEncoding = 4; lastKnownFileType = sourcecode.c.objc; name = LogFileTestsConfigurationTests.m; path = "LogFile-Tests/LogFileTestsConfigurationTests.m"; sourceTree = "<group>"; };
		E024696E10F507E6006FBB62 /* LogFileTestsAllocationTests.m */ = {isa = PBXFileReference; fileEncoding = 4; lastKnownFileType = sourcecode.c.objc; name = LogFileTestsAllocationTests.m; path = "LogFile-Tests/LogFileTestsAllocationTests.m"; sourceTree = "<group>"; };
		E034BAC7111227C100333E0E /* lcl_config_logger.h */ = {isa = PBXFileReference; fileEncoding = 4; lastKnownFileType = sourcecode.c.h; name = lcl_config_logger.h; path = ../lcl_config_logger.h; sourceTree = SOURCE_ROOT; };
		E03C9E3E10F5218F0090E09B /* LogFileTestsLoggingTests.m */ = {isa = PBXFileReference; fileEncoding = 4; lastKnownFileType = sourcecode.c.objc; name = LogFileTestsLoggingTests.m; path = "LogFile-Tests/LogFileTestsLoggingTests.m"; sourceTree = "<group>"; };
		E03C9F6A10F683690090E09B /* LogFileTestsFileRotationTests.m */ = {isa = PBXFileReference; fileEncoding = 4; lastKnownFileType = sourcecode.c.objc; name = LogFileTestsFileRotationTests.m; path = "LogFile-Tests/LogFileTestsFileRotationTests.m"; sourceTree = "<group>"; };
		E03C9F8310F683B40090E09B /* LogFile-Tests-iPhoneOS-Device.octest */ = {isa = PBXFileReference; explicitFileType = wrapper.cfbundle; includeInIndex = 0; path = "LogFile-Tests-iPhoneOS-Device.octest"; sourceTree = BUILT_PRODUCTS_DIR; };
		E06517931101E10C003357A7 /* LogFileTestsFramework.h */ = {isa = PBXFileReference; fileEncoding = 4; lastKnownFileType = sourcecode.c.h; name = LogFileTestsFramework.h; path = "LogFile-Tests/Framework/LogFileTestsFramework.h"; sourceTree = "<group>"; };
		E06517941101E137003357A7 /* LogFileTestsFrameworkTests.m */ = {isa = PBXFileReference; fileEncoding = 4; lastKnownFileType = sourcecode.c.objc; name = LogFileTestsFrameworkTests.m; path = "LogFile-Tests/LogFileTestsFrameworkTests.m"; sourceTree = "<group>"; };
		E06517B51101E1E8003357A7 /* LogFile-Tests-Framework-MacOSX.framework */ = {isa = PBXFileReference; explicitFileType = wrapper.framework; includeInIndex = 0; path = "LogFile-Tests-Framework-MacOSX.framework"; sourceTree = BUILT_PRODUCTS_DIR; };
		E06517BB1101E205003357A7 /* LogFile-Tests-Framework-Info.plist */ = {isa = PBXFileReference; fileEncoding = 4; lastKnownFileType = text.plist.xml; name = "LogFile-Tests-Framework-Info.plist"; path = "LogFile-Tests/Framework/LogFile-Tests-Framework-Info.plist"; sourceTree = "<group>"; };
		E06517D81101E2C5003357A7 /* LogFileTestsFrameworkMain.h */ = {isa = PBXFileReference; fileEncoding = 4; lastKnownFileType = sourcecode.c.h; name = LogFileTestsFrameworkMain.h; path = "LogFile-Tests/Framework/LogFileTestsFrameworkMain.h"; sourceTree = "<group>"; };
		E06517D91101E2C5003357A7 /* LogFileTestsFrameworkMain.m */ = {isa = PBXFileReference; fileEncoding = 4; lastKnownFileType = sourcecode.c.objc; name = LogFileTestsFrameworkMain.m; path = "LogFile-Tests/Framework/LogFileTestsFrameworkMain.m"; sourceTree = "<group>"; };
		E06517F81101E772003357A7 /* lcl_config_components.h */ = {isa = PBXFileReference; fileEncoding = 4; lastKnownFileType = sourcecode.c.h; name = lcl_config_components.h; path = "LogFile-Tests/lcl_config_components.h"; sourceTree = "<group>"; };
		E06517FE1101E82F003357A7 /* LogFileTestsFrameworkConfigComponents.h */ = {isa = PBXFileReference; fileEncoding = 4; lastKnownFileType = sourcecode.c.h; name = LogFileTestsFrameworkConfigComponents.h; path = "LogFile-Tests/Framework/LogFileTestsFrameworkConfigComponents.h"; sourceTree = "<group>"; };
		E06517FF1101E82F003357A7 /* LogFileTestsFrameworkLogFileConfig.h */ = {isa = PBXFileReference; fileEncoding = 4; lastKnownFileType = sourcecode.c.h; name = LogFileTestsFrameworkLogFileConfig.h; path = "LogFile-Tests/Framework/LogFileTestsFrameworkLogFileConfig.h"; sourceTree = "<group>"; };
		E06518001101E8B5003357A7 /* LogFileTestsFrameworkInjections.h */ = {isa = PBXFileReference; fileEncoding = 4; lastKnownFileType = sourcecode.c.h; name = LogFileTestsFrameworkInjections.h; path = "LogFile-Tests/Framework/LogFileTestsFrameworkInjections.h"; sourceTree = "<group>"; };
		E06518011101E8B5003357A7 /* LogFileTestsFrameworkInjections.m */ = {isa = PBXFileReference; fileEncoding = 4; lastKnownFileType = sourcecode.c.objc; name = LogFileTestsFrameworkInjections.m; path = "LogFile-Tests/Framework/LogFileTestsFrameworkInjections.m"; sourceTree = "<group>"; };
		E06519311101F882003357A7 /* LogFile-Tests-Templates.octest */ = {isa = PBXFileReference; explicitFileType = wrapper.cfbundle; includeInIndex = 0; path = "LogFile-Tests-Templates.octest"; sourceTree = BUILT_PRODUCTS_DIR; };
		E06519351101F8D9003357A7 /* LogFileTestsTemplatesTests.m */ = {isa = PBXFileReference; fileEncoding = 4; lastKnownFileType = sourcecode.c.objc; name = LogFileTestsTemplatesTests.m; path = "LogFile-Tests/LogFileTestsTemplatesTests.m"; sourceTree = "<group>"; };
		E09C0DF0142F7C3700533FBE /* LogFileTestsSetPathTests.m */ = {isa = PBXFileReference; fileEncoding = 4; lastKnownFileType = sourcecode.c.objc; name = LogFileTestsSetPathTests.m; path = "LogFile-Tests/LogFileTestsSetPathTests.m"; sourceTree = "<group>"; };
		E09F2CAE10F4B75E00246AAA /* LogFileTests.pch */ = {isa = PBXFileReference; fileEncoding = 4; lastKnownFileType = sourcecode.c.h; name = LogFileTests.pch; path = "LogFile-Tests/LogFileTests.pch"; sourceTree = "<group>"; };
		E0B0BD0010F8CEF2002B788C /* LogFile-Tests-MacOSX-ClangLLVM.octest */ = {isa = PBXFileReference; explicitFileType = wrapper.cfbundle; includeInIndex = 0; path = "LogFile-Tests-MacOSX-ClangLLVM.octest"; sourceTree = BUILT_PRODUCTS_DIR; };
		E0B0BD2210F8D179002B788C /* LogFileTestsLogFileConfig.h */ = {isa = PBXFileReference; fileEncoding = 4; lastKnownFileType = sourcecode.c.h; name = LogFileTestsLogFileConfig.h; path = "LogFile-Tests/LogFileTestsLogFileConfig.h"; sourceTree = "<group>"; };
		E0B0BD2310F8D1F0002B788C /* LogFileTestsLoggerConfiguration.h */ = {isa = PBXFileReference; fileEncoding = 4; lastKnownFileType = sourcecode.c.h; name = LogFileTestsLoggerConfiguration.h; path = "LogFile-Tests/LogFileTestsLoggerConfiguration.h"; sourceTree = "<group>"; };
		E0B0BD2410F8D1F0002B788C /* LogFileTestsLoggerConfiguration.m */ = {isa = PBXFileReference; fileEncoding = 4; lastKnownFileType = sourcecode.c.objc; name = LogFileTestsLoggerConfiguration.m; path = "LogFile-Tests/LogFileTestsLoggerConfiguration.m"; sourceTree = "<group>"; };
		E0B0BE0C10F90822002B788C /* LogFileTestsLogFormatTests.m */ = {isa = PBXFileReference; fileEncoding = 4; lastKnownFileType = sourcecode.c.objc; name = LogFileTestsLogFormatTests.m; path = "LogFile-Tests/LogFileTestsLogFormatTests.m"; sourceTree = "<group>"; };
		E0B56BBC112863B7006E4874 /* LogFile-Tests-MacOSX-StaticAnalyzer.octest */ = {isa = PBXFileReference; explicitFileType = wrapper.cfbundle; includeInIndex = 0; path = "LogFile-Tests-MacOSX-StaticAnalyzer.octest"; sourceTree = BUILT_PRODUCTS_DIR; };
		E0BB0FA81100F744008BAE92 /* LogFileTestsInjections.h */ = {isa = PBXFileReference; fileEncoding = 4; lastKnownFileType = sourcecode.c.h; name = LogFileTestsInjections.h; path = "LogFile-Tests/LogFileTestsInjections.h"; sourceTree = "<group>"; };
		E0BB0FA91100F744008BAE92 /* LogFileTestsInjections.m */ = {isa = PBXFileReference; fileEncoding = 4; lastKnownFileType = sourcecode.c.objc; name = LogFileTestsInjections.m; path = "LogFile-Tests/LogFileTestsInjections.m"; sourceTree = "<group>"; };
		E0BB0FDE1100FB91008BAE92 /* LogFileTestsDefaultPathTests.m */ = {isa = PBXFileReference; fileEncoding = 4; lastKnownFileType = sourcecode.c.objc; name = LogFileTestsDefaultPathTests.m; path = "LogFile-Tests/LogFileTestsDefaultPathTests.m"; sourceTree = "<group>"; };
		E0BD9CE31114AD0900E32B72 /* README.md */ = {isa = PBXFileReference; fileEncoding = 4; lastKnownFileType = text; name = README.md; path = ../README.md; sourceTree = SOURCE_ROOT; };
		E0BD9D1E1114B57D00E32B72 /* LogFileTestsInformationTests.m */ = {isa = PBXFileReference; fileEncoding = 4; lastKnownFileType = sourcecode.c.objc; name = LogFileTestsInformationTests.m; path = "LogFile-Tests/LogFileTestsInformationTests.m"; sourceTree = "<group>"; };
		E0C9DEED110C589000370A14 /* LCLLogFileConfig.template.h */ = {isa = PBXFileReference; fileEncoding = 4; lastKnownFileType = sourcecode.c.h; name = LCLLogFileConfig.template.h; path = ../LCLLogFileConfig.template.h; sourceTree = SOURCE_ROOT; };
		E0C9DEFB110C5E8200370A14 /* LCLLogFileConfig.h */ = {isa = PBXFileReference; fileEncoding = 4; lastKnownFileType = sourcecode.c.h; name = LCLLogFileConfig.h; path = "LogFile-Tests/LCLLogFileConfig.h"; sourceTree = "<group>"; };
		E0CBBD61111C17CB0034B4A0 /* LogFile-Tests-Standalone.octest */ = {isa = PBXFileReference; explicitFileType = wrapper.cfbundle; includeInIndex = 0; path = "LogFile-Tests-Standalone.octest"; sourceTree = BUILT_PRODUCTS_DIR; };
		E0CBBD64111C182A0034B4A0 /* LogFileTestsStandaloneTests.m */ = {isa = PBXFileReference; fileEncoding = 4; lastKnownFileType = sourcecode.c.objc; name = LogFileTestsStandaloneTests.m; path = "LogFile-Tests/LogFileTestsStandaloneTests.m"; sourceTree = "<group>"; };
		E0DC99E710F4FE080088653D /* LCLLogFile.h */ = {isa = PBXFileReference; fileEncoding = 4; lastKnownFileType = sourcecode.c.h; name = LCLLogFile.h; path = ../LCLLogFile.h; sourceTree = SOURCE_ROOT; };
		E0DC99E810F4FE080088653D /* LCLLogFile.m */ = {isa = PBXFileReference; fileEncoding = 4; lastKnownFileType = sourcecode.c.objc; name = LCLLogFile.m; path = ../LCLLogFile.m; sourceTree = SOURCE_ROOT; };
		E0EB42EF10F4AC57009540E4 /* LogFile-Tests-MacOSX.octest */ = {isa = PBXFileReference; explicitFileType = wrapper.cfbundle; includeInIndex = 0; path = "LogFile-Tests-MacOSX.octest"; sourceTree = BUILT_PRODUCTS_DIR; };
		E0EB43A810F4B1EB009540E4 /* LogFile-Tests-Info.plist */ = {isa = PBXFileReference; fileEncoding = 4; lastKnownFileType = text.plist.xml; name = "LogFile-Tests-Info.plist"; path = "LogFile-Tests/LogFile-Tests-Info.plist"; sourceTree = "<group>"; };
		E0EB43E810F4B365009540E4 /* LogFile-Tests.octest */ = {isa = PBXFileReference; explicitFileType = wrapper.cfbundle; includeInIndex = 0; path = "LogFile-Tests.octest"; sourceTree = BUILT_PRODUCTS_DIR; };
		E0ED47321286E53A00ACEDAC /* LogFileTestsObjectiveCPlusPlusTests.mm */ = {isa = PBXFileReference; fileEncoding = 4; lastKnownFileType = sourcecode.cpp.objcpp; name = LogFileTestsObjectiveCPlusPlusTests.mm; path = "LogFile-Tests/LogFileTestsObjectiveCPlusPlusTests.mm"; sourceTree = "<group>"; };
		E0ED476B1286E98B00ACEDAC /* lcl_config_extensions.h */ = {isa = PBXFileReference; fileEncoding = 4; lastKnownFileType = sourcecode.c.h; name = lcl_config_extensions.h; path = "LogFile-Tests/lcl_config_extensions.h"; sourceTree = "<group>"; };
		E0EDB7C71131D88F00F73151 /* LogFileTestsStdErrMirroringTests.m */ = {isa = PBXFileReference; fileEncoding = 4; lastKnownFileType = sourcecode.c.objc; name = LogFileTestsStdErrMirroringTests.m; path = "LogFile-Tests/LogFileTestsStdErrMirroringTests.m"; sourceTree = "<group>"; };
/* End PBXFileReference section */

/* Begin PBXFrameworksBuildPhase section */
		E00B95E20F2C88F800309460 /* Frameworks */ = {
			isa = PBXFrameworksBuildPhase;
			buildActionMask = 2147483647;
			files = (
				E06517BE1101E228003357A7 /* LogFile-Tests-Framework-MacOSX.framework in Frameworks */,
			);
			runOnlyForDeploymentPostprocessing = 0;
		};
		E03C9F7E10F683B40090E09B /* Frameworks */ = {
			isa = PBXFrameworksBuildPhase;
			buildActionMask = 2147483647;
			files = (
			);
			runOnlyForDeploymentPostprocessing = 0;
		};
		E06517B31101E1E8003357A7 /* Frameworks */ = {
			isa = PBXFrameworksBuildPhase;
			buildActionMask = 2147483647;
			files = (
			);
			runOnlyForDeploymentPostprocessing = 0;
		};
		E065192B1101F882003357A7 /* Frameworks */ = {
			isa = PBXFrameworksBuildPhase;
			buildActionMask = 2147483647;
			files = (
			);
			runOnlyForDeploymentPostprocessing = 0;
		};
		E0B0BCFB10F8CEF2002B788C /* Frameworks */ = {
			isa = PBXFrameworksBuildPhase;
			buildActionMask = 2147483647;
			files = (
			);
			runOnlyForDeploymentPostprocessing = 0;
		};
		E0B56BB7112863B7006E4874 /* Frameworks */ = {
			isa = PBXFrameworksBuildPhase;
			buildActionMask = 2147483647;
			files = (
			);
			runOnlyForDeploymentPostprocessing = 0;
		};
		E0CBBD5C111C17CB0034B4A0 /* Frameworks */ = {
			isa = PBXFrameworksBuildPhase;
			buildActionMask = 2147483647;
			files = (
			);
			runOnlyForDeploymentPostprocessing = 0;
		};
		E0EB43E510F4B365009540E4 /* Frameworks */ = {
			isa = PBXFrameworksBuildPhase;
			buildActionMask = 2147483647;
			files = (
			);
			runOnlyForDeploymentPostprocessing = 0;
		};
/* End PBXFrameworksBuildPhase section */

/* Begin PBXGroup section */
		29B97314FDCFA39411CA2CEA /* LogFile */ = {
			isa = PBXGroup;
			children = (
				E0BD9CE31114AD0900E32B72 /* README.md */,
				E024690C10F502DB006FBB62 /* Core */,
				E0E417970F2128750036D6FD /* LogFile */,
				E0EB42E310F4ABE9009540E4 /* LogFile-Tests */,
				E0EB43E810F4B365009540E4 /* LogFile-Tests.octest */,
				E0EB42EF10F4AC57009540E4 /* LogFile-Tests-MacOSX.octest */,
				E0B0BD0010F8CEF2002B788C /* LogFile-Tests-MacOSX-ClangLLVM.octest */,
				E0B56BBC112863B7006E4874 /* LogFile-Tests-MacOSX-StaticAnalyzer.octest */,
				E03C9F8310F683B40090E09B /* LogFile-Tests-iPhoneOS-Device.octest */,
				E06517B51101E1E8003357A7 /* LogFile-Tests-Framework-MacOSX.framework */,
				E06519311101F882003357A7 /* LogFile-Tests-Templates.octest */,
				E0CBBD61111C17CB0034B4A0 /* LogFile-Tests-Standalone.octest */,
			);
			name = LogFile;
			sourceTree = "<group>";
		};
		E024690C10F502DB006FBB62 /* Core */ = {
			isa = PBXGroup;
			children = (
				E024691010F502E9006FBB62 /* lcl.h */,
				E024691110F502E9006FBB62 /* lcl.m */,
			);
			name = Core;
			sourceTree = "<group>";
		};
		E06517911101E0E1003357A7 /* Framework */ = {
			isa = PBXGroup;
			children = (
				E06517BB1101E205003357A7 /* LogFile-Tests-Framework-Info.plist */,
				E06517FE1101E82F003357A7 /* LogFileTestsFrameworkConfigComponents.h */,
				E06517FF1101E82F003357A7 /* LogFileTestsFrameworkLogFileConfig.h */,
				E06517931101E10C003357A7 /* LogFileTestsFramework.h */,
				E06518001101E8B5003357A7 /* LogFileTestsFrameworkInjections.h */,
				E06518011101E8B5003357A7 /* LogFileTestsFrameworkInjections.m */,
				E06517D81101E2C5003357A7 /* LogFileTestsFrameworkMain.h */,
				E06517D91101E2C5003357A7 /* LogFileTestsFrameworkMain.m */,
			);
			name = Framework;
			sourceTree = "<group>";
		};
		E0E417970F2128750036D6FD /* LogFile */ = {
			isa = PBXGroup;
			children = (
				E0DC99E710F4FE080088653D /* LCLLogFile.h */,
				E0DC99E810F4FE080088653D /* LCLLogFile.m */,
				E0C9DEED110C589000370A14 /* LCLLogFileConfig.template.h */,
				E034BAC7111227C100333E0E /* lcl_config_logger.h */,
			);
			name = LogFile;
			sourceTree = "<group>";
		};
		E0EB42E310F4ABE9009540E4 /* LogFile-Tests */ = {
			isa = PBXGroup;
			children = (
				E06517F81101E772003357A7 /* lcl_config_components.h */,
				E0C9DEFB110C5E8200370A14 /* LCLLogFileConfig.h */,
				E0ED476B1286E98B00ACEDAC /* lcl_config_extensions.h */,
				E024691C10F5031A006FBB62 /* LogFileTestsConfigComponents.h */,
				E0B0BD2210F8D179002B788C /* LogFileTestsLogFileConfig.h */,
				E09F2CAE10F4B75E00246AAA /* LogFileTests.pch */,
				E0EB43A810F4B1EB009540E4 /* LogFile-Tests-Info.plist */,
				E0B0BD2310F8D1F0002B788C /* LogFileTestsLoggerConfiguration.h */,
				E0B0BD2410F8D1F0002B788C /* LogFileTestsLoggerConfiguration.m */,
				E0BB0FA81100F744008BAE92 /* LogFileTestsInjections.h */,
				E0BB0FA91100F744008BAE92 /* LogFileTestsInjections.m */,
				E024696E10F507E6006FBB62 /* LogFileTestsAllocationTests.m */,
				E0BD9D1E1114B57D00E32B72 /* LogFileTestsInformationTests.m */,
				E024694A10F50648006FBB62 /* LogFileTestsConfigurationTests.m */,
				E0BB0FDE1100FB91008BAE92 /* LogFileTestsDefaultPathTests.m */,
				E09C0DF0142F7C3700533FBE /* LogFileTestsSetPathTests.m */,
				E03C9E3E10F5218F0090E09B /* LogFileTestsLoggingTests.m */,
				E03C9F6A10F683690090E09B /* LogFileTestsFileRotationTests.m */,
				E0B0BE0C10F90822002B788C /* LogFileTestsLogFormatTests.m */,
				E0EDB7C71131D88F00F73151 /* LogFileTestsStdErrMirroringTests.m */,
				E0ED47321286E53A00ACEDAC /* LogFileTestsObjectiveCPlusPlusTests.mm */,
				E06517911101E0E1003357A7 /* Framework */,
				E06517941101E137003357A7 /* LogFileTestsFrameworkTests.m */,
				E06519351101F8D9003357A7 /* LogFileTestsTemplatesTests.m */,
				E0CBBD64111C182A0034B4A0 /* LogFileTestsStandaloneTests.m */,
			);
			name = "LogFile-Tests";
			sourceTree = "<group>";
		};
/* End PBXGroup section */

/* Begin PBXHeadersBuildPhase section */
		E06517B01101E1E8003357A7 /* Headers */ = {
			isa = PBXHeadersBuildPhase;
			buildActionMask = 2147483647;
			files = (
				E06517F51101E6FC003357A7 /* LogFileTestsFramework.h in Headers */,
				E06517DA1101E2C5003357A7 /* LogFileTestsFrameworkMain.h in Headers */,
				E06518021101E8B5003357A7 /* LogFileTestsFrameworkInjections.h in Headers */,
			);
			runOnlyForDeploymentPostprocessing = 0;
		};
/* End PBXHeadersBuildPhase section */

/* Begin PBXNativeTarget section */
		E00B95E40F2C88F800309460 /* LogFile-Tests-MacOSX */ = {
			isa = PBXNativeTarget;
			buildConfigurationList = E00B95E90F2C88F900309460 /* Build configuration list for PBXNativeTarget "LogFile-Tests-MacOSX" */;
			buildPhases = (
				E00B95E00F2C88F800309460 /* Resources */,
				E00B95E10F2C88F800309460 /* Sources */,
				E00B95E20F2C88F800309460 /* Frameworks */,
				E00B95E30F2C88F800309460 /* ShellScript */,
			);
			buildRules = (
			);
			dependencies = (
				E06517BD1101E21E003357A7 /* PBXTargetDependency */,
			);
			name = "LogFile-Tests-MacOSX";
			productName = Tests;
			productReference = E0EB42EF10F4AC57009540E4 /* LogFile-Tests-MacOSX.octest */;
			productType = "com.apple.product-type.bundle";
		};
		E03C9F7510F683B40090E09B /* LogFile-Tests-iPhoneOS-Device */ = {
			isa = PBXNativeTarget;
			buildConfigurationList = E03C9F8010F683B40090E09B /* Build configuration list for PBXNativeTarget "LogFile-Tests-iPhoneOS-Device" */;
			buildPhases = (
				E03C9F7610F683B40090E09B /* Resources */,
				E03C9F7710F683B40090E09B /* Sources */,
				E03C9F7E10F683B40090E09B /* Frameworks */,
				E03C9F7F10F683B40090E09B /* ShellScript */,
			);
			buildRules = (
			);
			dependencies = (
			);
			name = "LogFile-Tests-iPhoneOS-Device";
			productName = Tests;
			productReference = E03C9F8310F683B40090E09B /* LogFile-Tests-iPhoneOS-Device.octest */;
			productType = "com.apple.product-type.bundle";
		};
		E06517B41101E1E8003357A7 /* LogFile-Tests-Framework */ = {
			isa = PBXNativeTarget;
			buildConfigurationList = E06517B91101E1E9003357A7 /* Build configuration list for PBXNativeTarget "LogFile-Tests-Framework" */;
			buildPhases = (
				E06517B01101E1E8003357A7 /* Headers */,
				E06517B11101E1E8003357A7 /* Resources */,
				E06517B21101E1E8003357A7 /* Sources */,
				E06517B31101E1E8003357A7 /* Frameworks */,
			);
			buildRules = (
			);
			dependencies = (
			);
			name = "LogFile-Tests-Framework";
			productName = "LogFile-Tests-Framework";
			productReference = E06517B51101E1E8003357A7 /* LogFile-Tests-Framework-MacOSX.framework */;
			productType = "com.apple.product-type.framework";
		};
		E065191B1101F882003357A7 /* LogFile-Tests-Templates */ = {
			isa = PBXNativeTarget;
			buildConfigurationList = E065192E1101F882003357A7 /* Build configuration list for PBXNativeTarget "LogFile-Tests-Templates" */;
			buildPhases = (
				E065191E1101F882003357A7 /* Resources */,
				E065191F1101F882003357A7 /* Sources */,
				E065192B1101F882003357A7 /* Frameworks */,
				E065192D1101F882003357A7 /* ShellScript */,
			);
			buildRules = (
			);
			dependencies = (
			);
			name = "LogFile-Tests-Templates";
			productName = Tests;
			productReference = E06519311101F882003357A7 /* LogFile-Tests-Templates.octest */;
			productType = "com.apple.product-type.bundle";
		};
		E0B0BCF210F8CEF2002B788C /* LogFile-Tests-MacOSX-ClangLLVM */ = {
			isa = PBXNativeTarget;
			buildConfigurationList = E0B0BCFD10F8CEF2002B788C /* Build configuration list for PBXNativeTarget "LogFile-Tests-MacOSX-ClangLLVM" */;
			buildPhases = (
				E0B0BCF310F8CEF2002B788C /* Resources */,
				E0B0BCF410F8CEF2002B788C /* Sources */,
				E0B0BCFB10F8CEF2002B788C /* Frameworks */,
				E0B0BCFC10F8CEF2002B788C /* ShellScript */,
			);
			buildRules = (
			);
			dependencies = (
			);
			name = "LogFile-Tests-MacOSX-ClangLLVM";
			productName = Tests;
			productReference = E0B0BD0010F8CEF2002B788C /* LogFile-Tests-MacOSX-ClangLLVM.octest */;
			productType = "com.apple.product-type.bundle";
		};
		E0B56BA9112863B7006E4874 /* LogFile-Tests-MacOSX-StaticAnalyzer */ = {
			isa = PBXNativeTarget;
			buildConfigurationList = E0B56BB9112863B7006E4874 /* Build configuration list for PBXNativeTarget "LogFile-Tests-MacOSX-StaticAnalyzer" */;
			buildPhases = (
				E0B56BAA112863B7006E4874 /* Resources */,
				E0B56BAB112863B7006E4874 /* Sources */,
				E0B56BB7112863B7006E4874 /* Frameworks */,
				E0B56BB8112863B7006E4874 /* ShellScript */,
			);
			buildRules = (
			);
			dependencies = (
			);
			name = "LogFile-Tests-MacOSX-StaticAnalyzer";
			productName = Tests;
			productReference = E0B56BBC112863B7006E4874 /* LogFile-Tests-MacOSX-StaticAnalyzer.octest */;
			productType = "com.apple.product-type.bundle";
		};
		E0CBBD56111C17CB0034B4A0 /* LogFile-Tests-Standalone */ = {
			isa = PBXNativeTarget;
			buildConfigurationList = E0CBBD5E111C17CB0034B4A0 /* Build configuration list for PBXNativeTarget "LogFile-Tests-Standalone" */;
			buildPhases = (
				E0CBBD57111C17CB0034B4A0 /* Resources */,
				E0CBBD58111C17CB0034B4A0 /* Sources */,
				E0CBBD5C111C17CB0034B4A0 /* Frameworks */,
				E0CBBD5D111C17CB0034B4A0 /* ShellScript */,
			);
			buildRules = (
			);
			dependencies = (
			);
			name = "LogFile-Tests-Standalone";
			productName = Tests;
			productReference = E0CBBD61111C17CB0034B4A0 /* LogFile-Tests-Standalone.octest */;
			productType = "com.apple.product-type.bundle";
		};
		E0EB43E710F4B365009540E4 /* LogFile-Tests */ = {
			isa = PBXNativeTarget;
			buildConfigurationList = E0EB43EC10F4B366009540E4 /* Build configuration list for PBXNativeTarget "LogFile-Tests" */;
			buildPhases = (
				E0EB43E310F4B365009540E4 /* Resources */,
				E0EB43E410F4B365009540E4 /* Sources */,
				E0EB43E510F4B365009540E4 /* Frameworks */,
				E0EB43E610F4B365009540E4 /* ShellScript */,
			);
			buildRules = (
			);
			dependencies = (
				E06517D11101E2A1003357A7 /* PBXTargetDependency */,
				E0EB43F210F4B371009540E4 /* PBXTargetDependency */,
				E0B0BD0610F8CF91002B788C /* PBXTargetDependency */,
				E0B56BCA11286406006E4874 /* PBXTargetDependency */,
				E06519401101F96E003357A7 /* PBXTargetDependency */,
				E0CBBD67111C18390034B4A0 /* PBXTargetDependency */,
			);
			name = "LogFile-Tests";
			productName = "LogFile-Tests";
			productReference = E0EB43E810F4B365009540E4 /* LogFile-Tests.octest */;
			productType = "com.apple.product-type.bundle";
		};
/* End PBXNativeTarget section */

/* Begin PBXProject section */
		29B97313FDCFA39411CA2CEA /* Project object */ = {
			isa = PBXProject;
			attributes = {
				LastUpgradeCheck = 0420;
			};
			buildConfigurationList = C01FCF4E08A954540054247B /* Build configuration list for PBXProject "LibComponentLogging-LogFile" */;
			compatibilityVersion = "Xcode 3.2";
			developmentRegion = English;
			hasScannedForEncodings = 1;
			knownRegions = (
				English,
			);
			mainGroup = 29B97314FDCFA39411CA2CEA /* LogFile */;
			productRefGroup = 29B97314FDCFA39411CA2CEA /* LogFile */;
			projectDirPath = "";
			projectRoot = "";
			targets = (
				E0EB43E710F4B365009540E4 /* LogFile-Tests */,
				E00B95E40F2C88F800309460 /* LogFile-Tests-MacOSX */,
				E0B0BCF210F8CEF2002B788C /* LogFile-Tests-MacOSX-ClangLLVM */,
				E0B56BA9112863B7006E4874 /* LogFile-Tests-MacOSX-StaticAnalyzer */,
				E03C9F7510F683B40090E09B /* LogFile-Tests-iPhoneOS-Device */,
				E06517B41101E1E8003357A7 /* LogFile-Tests-Framework */,
				E065191B1101F882003357A7 /* LogFile-Tests-Templates */,
				E0CBBD56111C17CB0034B4A0 /* LogFile-Tests-Standalone */,
			);
		};
/* End PBXProject section */

/* Begin PBXResourcesBuildPhase section */
		E00B95E00F2C88F800309460 /* Resources */ = {
			isa = PBXResourcesBuildPhase;
			buildActionMask = 2147483647;
			files = (
			);
			runOnlyForDeploymentPostprocessing = 0;
		};
		E03C9F7610F683B40090E09B /* Resources */ = {
			isa = PBXResourcesBuildPhase;
			buildActionMask = 2147483647;
			files = (
			);
			runOnlyForDeploymentPostprocessing = 0;
		};
		E06517B11101E1E8003357A7 /* Resources */ = {
			isa = PBXResourcesBuildPhase;
			buildActionMask = 2147483647;
			files = (
			);
			runOnlyForDeploymentPostprocessing = 0;
		};
		E065191E1101F882003357A7 /* Resources */ = {
			isa = PBXResourcesBuildPhase;
			buildActionMask = 2147483647;
			files = (
			);
			runOnlyForDeploymentPostprocessing = 0;
		};
		E0B0BCF310F8CEF2002B788C /* Resources */ = {
			isa = PBXResourcesBuildPhase;
			buildActionMask = 2147483647;
			files = (
			);
			runOnlyForDeploymentPostprocessing = 0;
		};
		E0B56BAA112863B7006E4874 /* Resources */ = {
			isa = PBXResourcesBuildPhase;
			buildActionMask = 2147483647;
			files = (
			);
			runOnlyForDeploymentPostprocessing = 0;
		};
		E0CBBD57111C17CB0034B4A0 /* Resources */ = {
			isa = PBXResourcesBuildPhase;
			buildActionMask = 2147483647;
			files = (
			);
			runOnlyForDeploymentPostprocessing = 0;
		};
		E0EB43E310F4B365009540E4 /* Resources */ = {
			isa = PBXResourcesBuildPhase;
			buildActionMask = 2147483647;
			files = (
			);
			runOnlyForDeploymentPostprocessing = 0;
		};
/* End PBXResourcesBuildPhase section */

/* Begin PBXShellScriptBuildPhase section */
		E00B95E30F2C88F800309460 /* ShellScript */ = {
			isa = PBXShellScriptBuildPhase;
			buildActionMask = 2147483647;
			files = (
			);
			inputPaths = (
			);
			outputPaths = (
			);
			runOnlyForDeploymentPostprocessing = 0;
			shellPath = /bin/sh;
			shellScript = "# Run the unit tests in this test bundle.\n\"${SYSTEM_DEVELOPER_DIR}/Tools/RunUnitTests\"\n";
		};
		E03C9F7F10F683B40090E09B /* ShellScript */ = {
			isa = PBXShellScriptBuildPhase;
			buildActionMask = 2147483647;
			files = (
			);
			inputPaths = (
			);
			outputPaths = (
			);
			runOnlyForDeploymentPostprocessing = 0;
			shellPath = /bin/sh;
			shellScript = "# Run the unit tests in this test bundle.\n\"${SYSTEM_DEVELOPER_DIR}/Tools/RunUnitTests\"\n";
		};
		E065192D1101F882003357A7 /* ShellScript */ = {
			isa = PBXShellScriptBuildPhase;
			buildActionMask = 2147483647;
			files = (
			);
			inputPaths = (
			);
			outputPaths = (
			);
			runOnlyForDeploymentPostprocessing = 0;
			shellPath = /bin/sh;
			shellScript = "# Run the unit tests in this test bundle.\n\"${SYSTEM_DEVELOPER_DIR}/Tools/RunUnitTests\"\n";
		};
		E0B0BCFC10F8CEF2002B788C /* ShellScript */ = {
			isa = PBXShellScriptBuildPhase;
			buildActionMask = 2147483647;
			files = (
			);
			inputPaths = (
			);
			outputPaths = (
			);
			runOnlyForDeploymentPostprocessing = 0;
			shellPath = /bin/sh;
			shellScript = "# Run the unit tests in this test bundle.\n\"${SYSTEM_DEVELOPER_DIR}/Tools/RunUnitTests\"\n";
		};
		E0B56BB8112863B7006E4874 /* ShellScript */ = {
			isa = PBXShellScriptBuildPhase;
			buildActionMask = 2147483647;
			files = (
			);
			inputPaths = (
			);
			outputPaths = (
			);
			runOnlyForDeploymentPostprocessing = 0;
			shellPath = /bin/sh;
			shellScript = "# Run the unit tests in this test bundle.\n\"${SYSTEM_DEVELOPER_DIR}/Tools/RunUnitTests\"\n";
		};
		E0CBBD5D111C17CB0034B4A0 /* ShellScript */ = {
			isa = PBXShellScriptBuildPhase;
			buildActionMask = 2147483647;
			files = (
			);
			inputPaths = (
			);
			outputPaths = (
			);
			runOnlyForDeploymentPostprocessing = 0;
			shellPath = /bin/sh;
			shellScript = "# Run the unit tests in this test bundle.\n\"${SYSTEM_DEVELOPER_DIR}/Tools/RunUnitTests\"\n";
		};
		E0EB43E610F4B365009540E4 /* ShellScript */ = {
			isa = PBXShellScriptBuildPhase;
			buildActionMask = 2147483647;
			files = (
			);
			inputPaths = (
			);
			outputPaths = (
			);
			runOnlyForDeploymentPostprocessing = 0;
			shellPath = /bin/sh;
			shellScript = "# Run the unit tests in this test bundle.\n\"${SYSTEM_DEVELOPER_DIR}/Tools/RunUnitTests\"\n";
		};
/* End PBXShellScriptBuildPhase section */

/* Begin PBXSourcesBuildPhase section */
		E00B95E10F2C88F800309460 /* Sources */ = {
			isa = PBXSourcesBuildPhase;
			buildActionMask = 2147483647;
			files = (
				E024692A10F5034F006FBB62 /* lcl.m in Sources */,
				E0DC99F310F4FE290088653D /* LCLLogFile.m in Sources */,
				E0B0BD2610F8D1F0002B788C /* LogFileTestsLoggerConfiguration.m in Sources */,
				E03C9F6210F682FF0090E09B /* LogFileTestsAllocationTests.m in Sources */,
				E024694C10F5064F006FBB62 /* LogFileTestsConfigurationTests.m in Sources */,
				E03C9F6310F682FF0090E09B /* LogFileTestsLoggingTests.m in Sources */,
				E03C9F6C10F683690090E09B /* LogFileTestsFileRotationTests.m in Sources */,
				E0B0BE0D10F90822002B788C /* LogFileTestsLogFormatTests.m in Sources */,
				E0BB0FAB1100F744008BAE92 /* LogFileTestsInjections.m in Sources */,
				E0BB0FE01100FB91008BAE92 /* LogFileTestsDefaultPathTests.m in Sources */,
				E065188B1101F0D7003357A7 /* LogFileTestsFrameworkTests.m in Sources */,
				E0BD9D201114B57D00E32B72 /* LogFileTestsInformationTests.m in Sources */,
				E0EDB7C91131D88F00F73151 /* LogFileTestsStdErrMirroringTests.m in Sources */,
				E0ED47341286E53A00ACEDAC /* LogFileTestsObjectiveCPlusPlusTests.mm in Sources */,
				E09C0DF2142F7C3700533FBE /* LogFileTestsSetPathTests.m in Sources */,
			);
			runOnlyForDeploymentPostprocessing = 0;
		};
		E03C9F7710F683B40090E09B /* Sources */ = {
			isa = PBXSourcesBuildPhase;
			buildActionMask = 2147483647;
			files = (
				E03C9F7810F683B40090E09B /* lcl.m in Sources */,
				E03C9F7910F683B40090E09B /* LCLLogFile.m in Sources */,
				E0B0BD2510F8D1F0002B788C /* LogFileTestsLoggerConfiguration.m in Sources */,
				E03C9F7A10F683B40090E09B /* LogFileTestsAllocationTests.m in Sources */,
				E03C9F7B10F683B40090E09B /* LogFileTestsConfigurationTests.m in Sources */,
				E03C9F7C10F683B40090E09B /* LogFileTestsLoggingTests.m in Sources */,
				E03C9F7D10F683B40090E09B /* LogFileTestsFileRotationTests.m in Sources */,
				E0B0BE0E10F90822002B788C /* LogFileTestsLogFormatTests.m in Sources */,
				E0BB0FAD1100F744008BAE92 /* LogFileTestsInjections.m in Sources */,
				E0BB0FE21100FB91008BAE92 /* LogFileTestsDefaultPathTests.m in Sources */,
				E0BD9D221114B57D00E32B72 /* LogFileTestsInformationTests.m in Sources */,
				E0EDB7CA1131D88F00F73151 /* LogFileTestsStdErrMirroringTests.m in Sources */,
				E09C0DF5142F7C3700533FBE /* LogFileTestsSetPathTests.m in Sources */,
			);
			runOnlyForDeploymentPostprocessing = 0;
		};
		E06517B21101E1E8003357A7 /* Sources */ = {
			isa = PBXSourcesBuildPhase;
			buildActionMask = 2147483647;
			files = (
				E06517DB1101E2C5003357A7 /* LogFileTestsFrameworkMain.m in Sources */,
				E06517F61101E707003357A7 /* LCLLogFile.m in Sources */,
				E06517F71101E70C003357A7 /* lcl.m in Sources */,
				E06518031101E8B5003357A7 /* LogFileTestsFrameworkInjections.m in Sources */,
			);
			runOnlyForDeploymentPostprocessing = 0;
		};
		E065191F1101F882003357A7 /* Sources */ = {
			isa = PBXSourcesBuildPhase;
			buildActionMask = 2147483647;
			files = (
				E06519201101F882003357A7 /* lcl.m in Sources */,
				E06519211101F882003357A7 /* LCLLogFile.m in Sources */,
				E06519361101F8D9003357A7 /* LogFileTestsTemplatesTests.m in Sources */,
			);
			runOnlyForDeploymentPostprocessing = 0;
		};
		E0B0BCF410F8CEF2002B788C /* Sources */ = {
			isa = PBXSourcesBuildPhase;
			buildActionMask = 2147483647;
			files = (
				E0B0BCF510F8CEF2002B788C /* lcl.m in Sources */,
				E0B0BCF610F8CEF2002B788C /* LCLLogFile.m in Sources */,
				E0B0BD3D10F8D460002B788C /* LogFileTestsLoggerConfiguration.m in Sources */,
				E0B0BCF710F8CEF2002B788C /* LogFileTestsAllocationTests.m in Sources */,
				E0B0BCF810F8CEF2002B788C /* LogFileTestsConfigurationTests.m in Sources */,
				E0B0BCF910F8CEF2002B788C /* LogFileTestsLoggingTests.m in Sources */,
				E0B0BCFA10F8CEF2002B788C /* LogFileTestsFileRotationTests.m in Sources */,
				E0B0BE1010F90822002B788C /* LogFileTestsLogFormatTests.m in Sources */,
				E0BB0FAC1100F744008BAE92 /* LogFileTestsInjections.m in Sources */,
				E0BB0FE11100FB91008BAE92 /* LogFileTestsDefaultPathTests.m in Sources */,
				E0BD9D211114B57D00E32B72 /* LogFileTestsInformationTests.m in Sources */,
				E0EDB7CB1131D88F00F73151 /* LogFileTestsStdErrMirroringTests.m in Sources */,
				E0ED47351286E53A00ACEDAC /* LogFileTestsObjectiveCPlusPlusTests.mm in Sources */,
				E09C0DF3142F7C3700533FBE /* LogFileTestsSetPathTests.m in Sources */,
			);
			runOnlyForDeploymentPostprocessing = 0;
		};
		E0B56BAB112863B7006E4874 /* Sources */ = {
			isa = PBXSourcesBuildPhase;
			buildActionMask = 2147483647;
			files = (
				E0B56BAC112863B7006E4874 /* lcl.m in Sources */,
				E0B56BAD112863B7006E4874 /* LCLLogFile.m in Sources */,
				E0B56BAE112863B7006E4874 /* LogFileTestsLoggerConfiguration.m in Sources */,
				E0B56BAF112863B7006E4874 /* LogFileTestsAllocationTests.m in Sources */,
				E0B56BB0112863B7006E4874 /* LogFileTestsConfigurationTests.m in Sources */,
				E0B56BB1112863B7006E4874 /* LogFileTestsLoggingTests.m in Sources */,
				E0B56BB2112863B7006E4874 /* LogFileTestsFileRotationTests.m in Sources */,
				E0B56BB3112863B7006E4874 /* LogFileTestsLogFormatTests.m in Sources */,
				E0B56BB4112863B7006E4874 /* LogFileTestsInjections.m in Sources */,
				E0B56BB5112863B7006E4874 /* LogFileTestsDefaultPathTests.m in Sources */,
				E0B56BB6112863B7006E4874 /* LogFileTestsInformationTests.m in Sources */,
				E0EDB7C81131D88F00F73151 /* LogFileTestsStdErrMirroringTests.m in Sources */,
				E0ED47361286E53A00ACEDAC /* LogFileTestsObjectiveCPlusPlusTests.mm in Sources */,
				E09C0DF4142F7C3700533FBE /* LogFileTestsSetPathTests.m in Sources */,
			);
			runOnlyForDeploymentPostprocessing = 0;
		};
		E0CBBD58111C17CB0034B4A0 /* Sources */ = {
			isa = PBXSourcesBuildPhase;
			buildActionMask = 2147483647;
			files = (
				E0CBBD5A111C17CB0034B4A0 /* LCLLogFile.m in Sources */,
				E0CBBD65111C182A0034B4A0 /* LogFileTestsStandaloneTests.m in Sources */,
			);
			runOnlyForDeploymentPostprocessing = 0;
		};
		E0EB43E410F4B365009540E4 /* Sources */ = {
			isa = PBXSourcesBuildPhase;
			buildActionMask = 2147483647;
			files = (
				E024691210F502E9006FBB62 /* lcl.m in Sources */,
				E0DC99E910F4FE080088653D /* LCLLogFile.m in Sources */,
				E024696F10F507E6006FBB62 /* LogFileTestsAllocationTests.m in Sources */,
				E024694B10F50648006FBB62 /* LogFileTestsConfigurationTests.m in Sources */,
				E03C9E3F10F5218F0090E09B /* LogFileTestsLoggingTests.m in Sources */,
				E03C9F6B10F683690090E09B /* LogFileTestsFileRotationTests.m in Sources */,
				E0B0BD2710F8D1F0002B788C /* LogFileTestsLoggerConfiguration.m in Sources */,
				E0B0BE0F10F90822002B788C /* LogFileTestsLogFormatTests.m in Sources */,
				E0BB0FAA1100F744008BAE92 /* LogFileTestsInjections.m in Sources */,
				E0BB0FDF1100FB91008BAE92 /* LogFileTestsDefaultPathTests.m in Sources */,
				E0BD9D1F1114B57D00E32B72 /* LogFileTestsInformationTests.m in Sources */,
				E0EDB7CC1131D88F00F73151 /* LogFileTestsStdErrMirroringTests.m in Sources */,
				E0ED47331286E53A00ACEDAC /* LogFileTestsObjectiveCPlusPlusTests.mm in Sources */,
				E09C0DF1142F7C3700533FBE /* LogFileTestsSetPathTests.m in Sources */,
			);
			runOnlyForDeploymentPostprocessing = 0;
		};
/* End PBXSourcesBuildPhase section */

/* Begin PBXTargetDependency section */
		E06517BD1101E21E003357A7 /* PBXTargetDependency */ = {
			isa = PBXTargetDependency;
			target = E06517B41101E1E8003357A7 /* LogFile-Tests-Framework */;
			targetProxy = E06517BC1101E21E003357A7 /* PBXContainerItemProxy */;
		};
		E06517D11101E2A1003357A7 /* PBXTargetDependency */ = {
			isa = PBXTargetDependency;
			target = E06517B41101E1E8003357A7 /* LogFile-Tests-Framework */;
			targetProxy = E06517D01101E2A1003357A7 /* PBXContainerItemProxy */;
		};
		E06519401101F96E003357A7 /* PBXTargetDependency */ = {
			isa = PBXTargetDependency;
			target = E065191B1101F882003357A7 /* LogFile-Tests-Templates */;
			targetProxy = E065193F1101F96E003357A7 /* PBXContainerItemProxy */;
		};
		E0B0BD0610F8CF91002B788C /* PBXTargetDependency */ = {
			isa = PBXTargetDependency;
			target = E0B0BCF210F8CEF2002B788C /* LogFile-Tests-MacOSX-ClangLLVM */;
			targetProxy = E0B0BD0510F8CF91002B788C /* PBXContainerItemProxy */;
		};
		E0B56BCA11286406006E4874 /* PBXTargetDependency */ = {
			isa = PBXTargetDependency;
			target = E0B56BA9112863B7006E4874 /* LogFile-Tests-MacOSX-StaticAnalyzer */;
			targetProxy = E0B56BC911286406006E4874 /* PBXContainerItemProxy */;
		};
		E0CBBD67111C18390034B4A0 /* PBXTargetDependency */ = {
			isa = PBXTargetDependency;
			target = E0CBBD56111C17CB0034B4A0 /* LogFile-Tests-Standalone */;
			targetProxy = E0CBBD66111C18390034B4A0 /* PBXContainerItemProxy */;
		};
		E0EB43F210F4B371009540E4 /* PBXTargetDependency */ = {
			isa = PBXTargetDependency;
			target = E00B95E40F2C88F800309460 /* LogFile-Tests-MacOSX */;
			targetProxy = E0EB43F110F4B371009540E4 /* PBXContainerItemProxy */;
		};
/* End PBXTargetDependency section */

/* Begin XCBuildConfiguration section */
		C01FCF4F08A954540054247B /* Debug */ = {
			isa = XCBuildConfiguration;
			buildSettings = {
				ARCHS = "$(ARCHS_STANDARD_32_BIT)";
				GCC_C_LANGUAGE_STANDARD = c99;
				GCC_OPTIMIZATION_LEVEL = 0;
				GCC_WARN_ABOUT_RETURN_TYPE = YES;
				GCC_WARN_UNUSED_VARIABLE = YES;
				ONLY_ACTIVE_ARCH = YES;
				SDKROOT = macosx;
			};
			name = Debug;
		};
		C01FCF5008A954540054247B /* Release */ = {
			isa = XCBuildConfiguration;
			buildSettings = {
				ARCHS = "$(ARCHS_STANDARD_32_BIT)";
				GCC_C_LANGUAGE_STANDARD = c99;
				GCC_WARN_ABOUT_RETURN_TYPE = YES;
				GCC_WARN_UNUSED_VARIABLE = YES;
				SDKROOT = macosx;
			};
			name = Release;
		};
		E00B95E70F2C88F900309460 /* Debug */ = {
			isa = XCBuildConfiguration;
			buildSettings = {
				ALWAYS_SEARCH_USER_PATHS = NO;
				ARCHS = (
					i386,
					x86_64,
					ppc,
				);
				COPY_PHASE_STRIP = NO;
				FRAMEWORK_SEARCH_PATHS = (
					"$(DEVELOPER_LIBRARY_DIR)/Frameworks",
					"\"$(TARGET_BUILD_DIR)\"",
				);
				GCC_DYNAMIC_NO_PIC = NO;
				GCC_ENABLE_OBJC_EXCEPTIONS = YES;
				GCC_MODEL_TUNING = G5;
				GCC_OPTIMIZATION_LEVEL = 0;
				GCC_PRECOMPILE_PREFIX_HEADER = YES;
				GCC_PREFIX_HEADER = "LogFile-Tests/LogFileTests.pch";
				GCC_TREAT_IMPLICIT_FUNCTION_DECLARATIONS_AS_ERRORS = YES;
				GCC_TREAT_NONCONFORMANT_CODE_ERRORS_AS_WARNINGS = YES;
				GCC_TREAT_WARNINGS_AS_ERRORS = YES;
				GCC_VERSION = com.apple.compilers.llvmgcc42;
				GCC_WARN_64_TO_32_BIT_CONVERSION = YES;
				GCC_WARN_ABOUT_MISSING_NEWLINE = YES;
				GCC_WARN_ABOUT_MISSING_PROTOTYPES = YES;
				GCC_WARN_CHECK_SWITCH_STATEMENTS = YES;
				GCC_WARN_INITIALIZER_NOT_FULLY_BRACKETED = YES;
				GCC_WARN_MISSING_PARENTHESES = YES;
				GCC_WARN_PROTOTYPE_CONVERSION = NO;
				GCC_WARN_SHADOW = YES;
				GCC_WARN_SIGN_COMPARE = YES;
				GCC_WARN_UNKNOWN_PRAGMAS = YES;
				GCC_WARN_UNUSED_FUNCTION = YES;
				GCC_WARN_UNUSED_LABEL = YES;
				GCC_WARN_UNUSED_PARAMETER = YES;
				GCC_WARN_UNUSED_VALUE = YES;
				INFOPLIST_FILE = "LogFile-Tests/LogFile-Tests-Info.plist";
				INSTALL_PATH = "$(USER_LIBRARY_DIR)/Bundles";
				ONLY_ACTIVE_ARCH = NO;
				OTHER_LDFLAGS = (
					"-framework",
					Foundation,
					"-framework",
					SenTestingKit,
				);
				PRODUCT_NAME = "LogFile-Tests-MacOSX";
				SDKROOT = macosx;
				TEST_AFTER_BUILD = YES;
				WARNING_CFLAGS = "-Wall";
				WRAPPER_EXTENSION = octest;
			};
			name = Debug;
		};
		E00B95E80F2C88F900309460 /* Release */ = {
			isa = XCBuildConfiguration;
			buildSettings = {
				ALWAYS_SEARCH_USER_PATHS = NO;
				ARCHS = (
					i386,
					x86_64,
					ppc,
				);
				COPY_PHASE_STRIP = YES;
				DEBUG_INFORMATION_FORMAT = "dwarf-with-dsym";
				FRAMEWORK_SEARCH_PATHS = (
					"$(DEVELOPER_LIBRARY_DIR)/Frameworks",
					"\"$(TARGET_BUILD_DIR)\"",
				);
				GCC_ENABLE_OBJC_EXCEPTIONS = YES;
				GCC_MODEL_TUNING = G5;
				GCC_PRECOMPILE_PREFIX_HEADER = YES;
				GCC_PREFIX_HEADER = "LogFile-Tests/LogFileTests.pch";
				GCC_TREAT_IMPLICIT_FUNCTION_DECLARATIONS_AS_ERRORS = YES;
				GCC_TREAT_NONCONFORMANT_CODE_ERRORS_AS_WARNINGS = YES;
				GCC_TREAT_WARNINGS_AS_ERRORS = YES;
				GCC_VERSION = com.apple.compilers.llvmgcc42;
				GCC_WARN_64_TO_32_BIT_CONVERSION = YES;
				GCC_WARN_ABOUT_MISSING_NEWLINE = YES;
				GCC_WARN_ABOUT_MISSING_PROTOTYPES = YES;
				GCC_WARN_CHECK_SWITCH_STATEMENTS = YES;
				GCC_WARN_INITIALIZER_NOT_FULLY_BRACKETED = YES;
				GCC_WARN_MISSING_PARENTHESES = YES;
				GCC_WARN_PROTOTYPE_CONVERSION = NO;
				GCC_WARN_SHADOW = YES;
				GCC_WARN_SIGN_COMPARE = YES;
				GCC_WARN_UNKNOWN_PRAGMAS = YES;
				GCC_WARN_UNUSED_FUNCTION = YES;
				GCC_WARN_UNUSED_LABEL = YES;
				GCC_WARN_UNUSED_PARAMETER = YES;
				GCC_WARN_UNUSED_VALUE = YES;
				INFOPLIST_FILE = "LogFile-Tests/LogFile-Tests-Info.plist";
				INSTALL_PATH = "$(USER_LIBRARY_DIR)/Bundles";
				OTHER_LDFLAGS = (
					"-framework",
					Foundation,
					"-framework",
					SenTestingKit,
				);
				PRODUCT_NAME = "LogFile-Tests-MacOSX";
				SDKROOT = macosx;
				TEST_AFTER_BUILD = YES;
				WARNING_CFLAGS = "-Wall";
				WRAPPER_EXTENSION = octest;
				ZERO_LINK = NO;
			};
			name = Release;
		};
		E03C9F8110F683B40090E09B /* Debug */ = {
			isa = XCBuildConfiguration;
			buildSettings = {
				ALWAYS_SEARCH_USER_PATHS = NO;
				CODE_SIGN_IDENTITY = "iPhone Developer";
				COPY_PHASE_STRIP = NO;
				FRAMEWORK_SEARCH_PATHS = "$(DEVELOPER_LIBRARY_DIR)/Frameworks";
				GCC_DYNAMIC_NO_PIC = NO;
				GCC_ENABLE_OBJC_EXCEPTIONS = YES;
				GCC_MODEL_TUNING = G5;
				GCC_OPTIMIZATION_LEVEL = 0;
				GCC_PRECOMPILE_PREFIX_HEADER = YES;
				GCC_PREFIX_HEADER = "LogFile-Tests/LogFileTests.pch";
				GCC_TREAT_IMPLICIT_FUNCTION_DECLARATIONS_AS_ERRORS = YES;
				GCC_TREAT_NONCONFORMANT_CODE_ERRORS_AS_WARNINGS = YES;
				GCC_TREAT_WARNINGS_AS_ERRORS = YES;
				GCC_VERSION = com.apple.compilers.llvm.clang.1_0;
				GCC_WARN_64_TO_32_BIT_CONVERSION = YES;
				GCC_WARN_ABOUT_MISSING_NEWLINE = YES;
				GCC_WARN_ABOUT_MISSING_PROTOTYPES = YES;
				GCC_WARN_CHECK_SWITCH_STATEMENTS = YES;
				GCC_WARN_INITIALIZER_NOT_FULLY_BRACKETED = YES;
				GCC_WARN_MISSING_PARENTHESES = YES;
				GCC_WARN_PROTOTYPE_CONVERSION = NO;
				GCC_WARN_SHADOW = YES;
				GCC_WARN_SIGN_COMPARE = YES;
				GCC_WARN_UNKNOWN_PRAGMAS = YES;
				GCC_WARN_UNUSED_FUNCTION = YES;
				GCC_WARN_UNUSED_LABEL = YES;
				GCC_WARN_UNUSED_PARAMETER = YES;
				GCC_WARN_UNUSED_VALUE = YES;
				INFOPLIST_FILE = "LogFile-Tests/LogFile-Tests-Info.plist";
				INSTALL_PATH = "$(USER_LIBRARY_DIR)/Bundles";
				IPHONEOS_DEPLOYMENT_TARGET = 3.0;
				ONLY_ACTIVE_ARCH = NO;
				OTHER_LDFLAGS = (
					"-framework",
					Foundation,
					"-framework",
					SenTestingKit,
				);
				PRODUCT_NAME = "LogFile-Tests-iPhoneOS-Device";
				PROVISIONING_PROFILE = "";
				SDKROOT = iphoneos;
				TEST_AFTER_BUILD = YES;
				WARNING_CFLAGS = "-Wall";
				WRAPPER_EXTENSION = octest;
			};
			name = Debug;
		};
		E03C9F8210F683B40090E09B /* Release */ = {
			isa = XCBuildConfiguration;
			buildSettings = {
				ALWAYS_SEARCH_USER_PATHS = NO;
				CODE_SIGN_IDENTITY = "iPhone Developer";
				COPY_PHASE_STRIP = YES;
				DEBUG_INFORMATION_FORMAT = "dwarf-with-dsym";
				FRAMEWORK_SEARCH_PATHS = "$(DEVELOPER_LIBRARY_DIR)/Frameworks";
				GCC_ENABLE_OBJC_EXCEPTIONS = YES;
				GCC_MODEL_TUNING = G5;
				GCC_PRECOMPILE_PREFIX_HEADER = YES;
				GCC_PREFIX_HEADER = "LogFile-Tests/LogFileTests.pch";
				GCC_TREAT_IMPLICIT_FUNCTION_DECLARATIONS_AS_ERRORS = YES;
				GCC_TREAT_NONCONFORMANT_CODE_ERRORS_AS_WARNINGS = YES;
				GCC_TREAT_WARNINGS_AS_ERRORS = YES;
				GCC_VERSION = com.apple.compilers.llvm.clang.1_0;
				GCC_WARN_64_TO_32_BIT_CONVERSION = YES;
				GCC_WARN_ABOUT_MISSING_NEWLINE = YES;
				GCC_WARN_ABOUT_MISSING_PROTOTYPES = YES;
				GCC_WARN_CHECK_SWITCH_STATEMENTS = YES;
				GCC_WARN_INITIALIZER_NOT_FULLY_BRACKETED = YES;
				GCC_WARN_MISSING_PARENTHESES = YES;
				GCC_WARN_PROTOTYPE_CONVERSION = NO;
				GCC_WARN_SHADOW = YES;
				GCC_WARN_SIGN_COMPARE = YES;
				GCC_WARN_UNKNOWN_PRAGMAS = YES;
				GCC_WARN_UNUSED_FUNCTION = YES;
				GCC_WARN_UNUSED_LABEL = YES;
				GCC_WARN_UNUSED_PARAMETER = YES;
				GCC_WARN_UNUSED_VALUE = YES;
				INFOPLIST_FILE = "LogFile-Tests/LogFile-Tests-Info.plist";
				INSTALL_PATH = "$(USER_LIBRARY_DIR)/Bundles";
				IPHONEOS_DEPLOYMENT_TARGET = 3.0;
				OTHER_LDFLAGS = (
					"-framework",
					Foundation,
					"-framework",
					SenTestingKit,
				);
				PRODUCT_NAME = "LogFile-Tests-iPhoneOS-Device";
				PROVISIONING_PROFILE = "";
				SDKROOT = iphoneos;
				TEST_AFTER_BUILD = YES;
				WARNING_CFLAGS = "-Wall";
				WRAPPER_EXTENSION = octest;
				ZERO_LINK = NO;
			};
			name = Release;
		};
		E06517B71101E1E9003357A7 /* Debug */ = {
			isa = XCBuildConfiguration;
			buildSettings = {
				ALWAYS_SEARCH_USER_PATHS = NO;
				ARCHS = (
					i386,
					x86_64,
					ppc,
				);
				COPY_PHASE_STRIP = NO;
				DYLIB_COMPATIBILITY_VERSION = 1;
				DYLIB_CURRENT_VERSION = 1;
				FRAMEWORK_VERSION = A;
				GCC_DYNAMIC_NO_PIC = NO;
				GCC_MODEL_TUNING = G5;
				GCC_OPTIMIZATION_LEVEL = 0;
				GCC_PRECOMPILE_PREFIX_HEADER = YES;
				GCC_PREFIX_HEADER = "";
				GCC_PREPROCESSOR_DEFINITIONS = LOGFILE_TESTS_FRAMEWORK_BUILD;
				INFOPLIST_FILE = "LogFile-Tests/Framework/LogFile-Tests-Framework-Info.plist";
				INSTALL_PATH = "$(HOME)/Library/Frameworks";
				ONLY_ACTIVE_ARCH = NO;
				OTHER_LDFLAGS = (
					"-framework",
					Foundation,
				);
				PRODUCT_NAME = "LogFile-Tests-Framework-MacOSX";
				SDKROOT = macosx;
				TEST_AFTER_BUILD = YES;
			};
			name = Debug;
		};
		E06517B81101E1E9003357A7 /* Release */ = {
			isa = XCBuildConfiguration;
			buildSettings = {
				ALWAYS_SEARCH_USER_PATHS = NO;
				ARCHS = (
					i386,
					x86_64,
					ppc,
				);
				COPY_PHASE_STRIP = YES;
				DEBUG_INFORMATION_FORMAT = "dwarf-with-dsym";
				DYLIB_COMPATIBILITY_VERSION = 1;
				DYLIB_CURRENT_VERSION = 1;
				FRAMEWORK_VERSION = A;
				GCC_MODEL_TUNING = G5;
				GCC_PRECOMPILE_PREFIX_HEADER = YES;
				GCC_PREFIX_HEADER = "";
				GCC_PREPROCESSOR_DEFINITIONS = LOGFILE_TESTS_FRAMEWORK_BUILD;
				INFOPLIST_FILE = "LogFile-Tests/Framework/LogFile-Tests-Framework-Info.plist";
				INSTALL_PATH = "$(HOME)/Library/Frameworks";
				ONLY_ACTIVE_ARCH = NO;
				OTHER_LDFLAGS = (
					"-framework",
					Foundation,
				);
				PRODUCT_NAME = "LogFile-Tests-Framework-MacOSX";
				SDKROOT = macosx;
				TEST_AFTER_BUILD = YES;
				ZERO_LINK = NO;
			};
			name = Release;
		};
		E065192F1101F882003357A7 /* Debug */ = {
			isa = XCBuildConfiguration;
			buildSettings = {
				ALWAYS_SEARCH_USER_PATHS = NO;
				ARCHS = (
					i386,
					x86_64,
					ppc,
				);
				COPY_PHASE_STRIP = NO;
				FRAMEWORK_SEARCH_PATHS = "$(DEVELOPER_LIBRARY_DIR)/Frameworks";
				GCC_DYNAMIC_NO_PIC = NO;
				GCC_ENABLE_OBJC_EXCEPTIONS = YES;
				GCC_MODEL_TUNING = G5;
				GCC_OPTIMIZATION_LEVEL = 0;
				GCC_PRECOMPILE_PREFIX_HEADER = YES;
				GCC_PREFIX_HEADER = "LogFile-Tests/LogFileTests.pch";
				GCC_PREPROCESSOR_DEFINITIONS = (
					"LCLLogFile=LCLLogFile",
					LOGFILE_TESTS_TEMPLATES_BUILD,
				);
				GCC_TREAT_IMPLICIT_FUNCTION_DECLARATIONS_AS_ERRORS = YES;
				GCC_TREAT_NONCONFORMANT_CODE_ERRORS_AS_WARNINGS = YES;
				GCC_TREAT_WARNINGS_AS_ERRORS = YES;
				GCC_WARN_64_TO_32_BIT_CONVERSION = YES;
				GCC_WARN_ABOUT_MISSING_NEWLINE = YES;
				GCC_WARN_ABOUT_MISSING_PROTOTYPES = YES;
				GCC_WARN_CHECK_SWITCH_STATEMENTS = YES;
				GCC_WARN_INITIALIZER_NOT_FULLY_BRACKETED = YES;
				GCC_WARN_MISSING_PARENTHESES = YES;
				GCC_WARN_PROTOTYPE_CONVERSION = NO;
				GCC_WARN_SHADOW = YES;
				GCC_WARN_SIGN_COMPARE = YES;
				GCC_WARN_UNKNOWN_PRAGMAS = YES;
				GCC_WARN_UNUSED_FUNCTION = YES;
				GCC_WARN_UNUSED_LABEL = YES;
				GCC_WARN_UNUSED_PARAMETER = YES;
				GCC_WARN_UNUSED_VALUE = YES;
				INFOPLIST_FILE = "LogFile-Tests/LogFile-Tests-Info.plist";
				INSTALL_PATH = "$(USER_LIBRARY_DIR)/Bundles";
				ONLY_ACTIVE_ARCH = NO;
				OTHER_LDFLAGS = (
					"-framework",
					Foundation,
					"-framework",
					SenTestingKit,
				);
				PRODUCT_NAME = "LogFile-Tests-Templates";
				SDKROOT = macosx;
				TEST_AFTER_BUILD = YES;
				WARNING_CFLAGS = "-Wall";
				WRAPPER_EXTENSION = octest;
			};
			name = Debug;
		};
		E06519301101F882003357A7 /* Release */ = {
			isa = XCBuildConfiguration;
			buildSettings = {
				ALWAYS_SEARCH_USER_PATHS = NO;
				ARCHS = (
					i386,
					x86_64,
					ppc,
				);
				COPY_PHASE_STRIP = YES;
				DEBUG_INFORMATION_FORMAT = "dwarf-with-dsym";
				FRAMEWORK_SEARCH_PATHS = "$(DEVELOPER_LIBRARY_DIR)/Frameworks";
				GCC_ENABLE_OBJC_EXCEPTIONS = YES;
				GCC_MODEL_TUNING = G5;
				GCC_PRECOMPILE_PREFIX_HEADER = YES;
				GCC_PREFIX_HEADER = "LogFile-Tests/LogFileTests.pch";
				GCC_PREPROCESSOR_DEFINITIONS = (
					"LCLLogFile=LCLLogFile",
					LOGFILE_TESTS_TEMPLATES_BUILD,
				);
				GCC_TREAT_IMPLICIT_FUNCTION_DECLARATIONS_AS_ERRORS = YES;
				GCC_TREAT_NONCONFORMANT_CODE_ERRORS_AS_WARNINGS = YES;
				GCC_TREAT_WARNINGS_AS_ERRORS = YES;
				GCC_WARN_64_TO_32_BIT_CONVERSION = YES;
				GCC_WARN_ABOUT_MISSING_NEWLINE = YES;
				GCC_WARN_ABOUT_MISSING_PROTOTYPES = YES;
				GCC_WARN_CHECK_SWITCH_STATEMENTS = YES;
				GCC_WARN_INITIALIZER_NOT_FULLY_BRACKETED = YES;
				GCC_WARN_MISSING_PARENTHESES = YES;
				GCC_WARN_PROTOTYPE_CONVERSION = NO;
				GCC_WARN_SHADOW = YES;
				GCC_WARN_SIGN_COMPARE = YES;
				GCC_WARN_UNKNOWN_PRAGMAS = YES;
				GCC_WARN_UNUSED_FUNCTION = YES;
				GCC_WARN_UNUSED_LABEL = YES;
				GCC_WARN_UNUSED_PARAMETER = YES;
				GCC_WARN_UNUSED_VALUE = YES;
				INFOPLIST_FILE = "LogFile-Tests/LogFile-Tests-Info.plist";
				INSTALL_PATH = "$(USER_LIBRARY_DIR)/Bundles";
				OTHER_LDFLAGS = (
					"-framework",
					Foundation,
					"-framework",
					SenTestingKit,
				);
				PRODUCT_NAME = "LogFile-Tests-Templates";
				SDKROOT = macosx;
				TEST_AFTER_BUILD = YES;
				WARNING_CFLAGS = "-Wall";
				WRAPPER_EXTENSION = octest;
				ZERO_LINK = NO;
			};
			name = Release;
		};
		E0B0BCFE10F8CEF2002B788C /* Debug */ = {
			isa = XCBuildConfiguration;
			buildSettings = {
				ALWAYS_SEARCH_USER_PATHS = NO;
				ARCHS = (
					i386,
					x86_64,
				);
				COPY_PHASE_STRIP = NO;
				FRAMEWORK_SEARCH_PATHS = "$(DEVELOPER_LIBRARY_DIR)/Frameworks";
				GCC_DYNAMIC_NO_PIC = NO;
				GCC_ENABLE_OBJC_EXCEPTIONS = YES;
				GCC_MODEL_TUNING = G5;
				GCC_OPTIMIZATION_LEVEL = 0;
				GCC_PRECOMPILE_PREFIX_HEADER = YES;
				GCC_PREFIX_HEADER = "LogFile-Tests/LogFileTests.pch";
				GCC_TREAT_IMPLICIT_FUNCTION_DECLARATIONS_AS_ERRORS = YES;
				GCC_TREAT_NONCONFORMANT_CODE_ERRORS_AS_WARNINGS = YES;
				GCC_TREAT_WARNINGS_AS_ERRORS = YES;
				GCC_VERSION = com.apple.compilers.llvm.clang.1_0;
				GCC_WARN_64_TO_32_BIT_CONVERSION = YES;
				GCC_WARN_ABOUT_MISSING_NEWLINE = YES;
				GCC_WARN_ABOUT_MISSING_PROTOTYPES = YES;
				GCC_WARN_CHECK_SWITCH_STATEMENTS = YES;
				GCC_WARN_INITIALIZER_NOT_FULLY_BRACKETED = YES;
				GCC_WARN_MISSING_PARENTHESES = YES;
				GCC_WARN_PROTOTYPE_CONVERSION = NO;
				GCC_WARN_SHADOW = YES;
				GCC_WARN_SIGN_COMPARE = YES;
				GCC_WARN_UNKNOWN_PRAGMAS = YES;
				GCC_WARN_UNUSED_FUNCTION = YES;
				GCC_WARN_UNUSED_LABEL = YES;
				GCC_WARN_UNUSED_PARAMETER = YES;
				GCC_WARN_UNUSED_VALUE = YES;
				INFOPLIST_FILE = "LogFile-Tests/LogFile-Tests-Info.plist";
				INSTALL_PATH = "$(USER_LIBRARY_DIR)/Bundles";
				ONLY_ACTIVE_ARCH = NO;
				OTHER_LDFLAGS = (
					"-framework",
					Foundation,
					"-framework",
					SenTestingKit,
				);
				PRODUCT_NAME = "LogFile-Tests-MacOSX-ClangLLVM";
				SDKROOT = macosx;
				TEST_AFTER_BUILD = YES;
				WARNING_CFLAGS = "-Wall";
				WRAPPER_EXTENSION = octest;
			};
			name = Debug;
		};
		E0B0BCFF10F8CEF2002B788C /* Release */ = {
			isa = XCBuildConfiguration;
			buildSettings = {
				ALWAYS_SEARCH_USER_PATHS = NO;
				ARCHS = (
					i386,
					x86_64,
				);
				COPY_PHASE_STRIP = YES;
				DEBUG_INFORMATION_FORMAT = "dwarf-with-dsym";
				FRAMEWORK_SEARCH_PATHS = "$(DEVELOPER_LIBRARY_DIR)/Frameworks";
				GCC_ENABLE_OBJC_EXCEPTIONS = YES;
				GCC_MODEL_TUNING = G5;
				GCC_PRECOMPILE_PREFIX_HEADER = YES;
				GCC_PREFIX_HEADER = "LogFile-Tests/LogFileTests.pch";
				GCC_TREAT_IMPLICIT_FUNCTION_DECLARATIONS_AS_ERRORS = YES;
				GCC_TREAT_NONCONFORMANT_CODE_ERRORS_AS_WARNINGS = YES;
				GCC_TREAT_WARNINGS_AS_ERRORS = YES;
				GCC_VERSION = com.apple.compilers.llvm.clang.1_0;
				GCC_WARN_64_TO_32_BIT_CONVERSION = YES;
				GCC_WARN_ABOUT_MISSING_NEWLINE = YES;
				GCC_WARN_ABOUT_MISSING_PROTOTYPES = YES;
				GCC_WARN_CHECK_SWITCH_STATEMENTS = YES;
				GCC_WARN_INITIALIZER_NOT_FULLY_BRACKETED = YES;
				GCC_WARN_MISSING_PARENTHESES = YES;
				GCC_WARN_PROTOTYPE_CONVERSION = NO;
				GCC_WARN_SHADOW = YES;
				GCC_WARN_SIGN_COMPARE = YES;
				GCC_WARN_UNKNOWN_PRAGMAS = YES;
				GCC_WARN_UNUSED_FUNCTION = YES;
				GCC_WARN_UNUSED_LABEL = YES;
				GCC_WARN_UNUSED_PARAMETER = YES;
				GCC_WARN_UNUSED_VALUE = YES;
				INFOPLIST_FILE = "LogFile-Tests/LogFile-Tests-Info.plist";
				INSTALL_PATH = "$(USER_LIBRARY_DIR)/Bundles";
				OTHER_LDFLAGS = (
					"-framework",
					Foundation,
					"-framework",
					SenTestingKit,
				);
				PRODUCT_NAME = "LogFile-Tests-MacOSX-ClangLLVM";
				SDKROOT = macosx;
				TEST_AFTER_BUILD = YES;
				WARNING_CFLAGS = "-Wall";
				WRAPPER_EXTENSION = octest;
				ZERO_LINK = NO;
			};
			name = Release;
		};
		E0B56BBA112863B7006E4874 /* Debug */ = {
			isa = XCBuildConfiguration;
			buildSettings = {
				ALWAYS_SEARCH_USER_PATHS = NO;
				ARCHS = (
					i386,
					x86_64,
				);
				COPY_PHASE_STRIP = NO;
				FRAMEWORK_SEARCH_PATHS = "$(DEVELOPER_LIBRARY_DIR)/Frameworks";
				GCC_DYNAMIC_NO_PIC = NO;
				GCC_ENABLE_OBJC_EXCEPTIONS = YES;
				GCC_MODEL_TUNING = G5;
				GCC_OPTIMIZATION_LEVEL = 0;
				GCC_PRECOMPILE_PREFIX_HEADER = YES;
				GCC_PREFIX_HEADER = "LogFile-Tests/LogFileTests.pch";
				GCC_TREAT_IMPLICIT_FUNCTION_DECLARATIONS_AS_ERRORS = YES;
				GCC_TREAT_NONCONFORMANT_CODE_ERRORS_AS_WARNINGS = YES;
				GCC_TREAT_WARNINGS_AS_ERRORS = YES;
				GCC_VERSION = com.apple.compilers.llvm.clang.1_0;
				GCC_WARN_64_TO_32_BIT_CONVERSION = YES;
				GCC_WARN_ABOUT_MISSING_NEWLINE = YES;
				GCC_WARN_ABOUT_MISSING_PROTOTYPES = YES;
				GCC_WARN_CHECK_SWITCH_STATEMENTS = YES;
				GCC_WARN_INITIALIZER_NOT_FULLY_BRACKETED = YES;
				GCC_WARN_MISSING_PARENTHESES = YES;
				GCC_WARN_PROTOTYPE_CONVERSION = NO;
				GCC_WARN_SHADOW = YES;
				GCC_WARN_SIGN_COMPARE = YES;
				GCC_WARN_UNKNOWN_PRAGMAS = YES;
				GCC_WARN_UNUSED_FUNCTION = YES;
				GCC_WARN_UNUSED_LABEL = YES;
				GCC_WARN_UNUSED_PARAMETER = YES;
				GCC_WARN_UNUSED_VALUE = YES;
				INFOPLIST_FILE = "LogFile-Tests/LogFile-Tests-Info.plist";
				INSTALL_PATH = "$(USER_LIBRARY_DIR)/Bundles";
				ONLY_ACTIVE_ARCH = NO;
				OTHER_LDFLAGS = (
					"-framework",
					Foundation,
					"-framework",
					SenTestingKit,
				);
				PRODUCT_NAME = "LogFile-Tests-MacOSX-StaticAnalyzer";
				RUN_CLANG_STATIC_ANALYZER = YES;
				SDKROOT = macosx;
				TEST_AFTER_BUILD = YES;
				WARNING_CFLAGS = "-Wall";
				WRAPPER_EXTENSION = octest;
			};
			name = Debug;
		};
		E0B56BBB112863B7006E4874 /* Release */ = {
			isa = XCBuildConfiguration;
			buildSettings = {
				ALWAYS_SEARCH_USER_PATHS = NO;
				ARCHS = (
					i386,
					x86_64,
				);
				COPY_PHASE_STRIP = YES;
				DEBUG_INFORMATION_FORMAT = "dwarf-with-dsym";
				FRAMEWORK_SEARCH_PATHS = "$(DEVELOPER_LIBRARY_DIR)/Frameworks";
				GCC_ENABLE_OBJC_EXCEPTIONS = YES;
				GCC_MODEL_TUNING = G5;
				GCC_PRECOMPILE_PREFIX_HEADER = YES;
				GCC_PREFIX_HEADER = "LogFile-Tests/LogFileTests.pch";
				GCC_TREAT_IMPLICIT_FUNCTION_DECLARATIONS_AS_ERRORS = YES;
				GCC_TREAT_NONCONFORMANT_CODE_ERRORS_AS_WARNINGS = YES;
				GCC_TREAT_WARNINGS_AS_ERRORS = YES;
				GCC_VERSION = com.apple.compilers.llvm.clang.1_0;
				GCC_WARN_64_TO_32_BIT_CONVERSION = YES;
				GCC_WARN_ABOUT_MISSING_NEWLINE = YES;
				GCC_WARN_ABOUT_MISSING_PROTOTYPES = YES;
				GCC_WARN_CHECK_SWITCH_STATEMENTS = YES;
				GCC_WARN_INITIALIZER_NOT_FULLY_BRACKETED = YES;
				GCC_WARN_MISSING_PARENTHESES = YES;
				GCC_WARN_PROTOTYPE_CONVERSION = NO;
				GCC_WARN_SHADOW = YES;
				GCC_WARN_SIGN_COMPARE = YES;
				GCC_WARN_UNKNOWN_PRAGMAS = YES;
				GCC_WARN_UNUSED_FUNCTION = YES;
				GCC_WARN_UNUSED_LABEL = YES;
				GCC_WARN_UNUSED_PARAMETER = YES;
				GCC_WARN_UNUSED_VALUE = YES;
				INFOPLIST_FILE = "LogFile-Tests/LogFile-Tests-Info.plist";
				INSTALL_PATH = "$(USER_LIBRARY_DIR)/Bundles";
				OTHER_LDFLAGS = (
					"-framework",
					Foundation,
					"-framework",
					SenTestingKit,
				);
				PRODUCT_NAME = "LogFile-Tests-MacOSX-StaticAnalyzer";
				RUN_CLANG_STATIC_ANALYZER = YES;
				SDKROOT = macosx;
				TEST_AFTER_BUILD = YES;
				WARNING_CFLAGS = "-Wall";
				WRAPPER_EXTENSION = octest;
				ZERO_LINK = NO;
			};
			name = Release;
		};
		E0CBBD5F111C17CB0034B4A0 /* Debug */ = {
			isa = XCBuildConfiguration;
			buildSettings = {
				ALWAYS_SEARCH_USER_PATHS = NO;
				ARCHS = (
					i386,
					x86_64,
					ppc,
				);
				COPY_PHASE_STRIP = NO;
				FRAMEWORK_SEARCH_PATHS = "$(DEVELOPER_LIBRARY_DIR)/Frameworks";
				GCC_DYNAMIC_NO_PIC = NO;
				GCC_ENABLE_OBJC_EXCEPTIONS = YES;
				GCC_MODEL_TUNING = G5;
				GCC_OPTIMIZATION_LEVEL = 0;
				GCC_PRECOMPILE_PREFIX_HEADER = NO;
				GCC_PREFIX_HEADER = "";
				GCC_PREPROCESSOR_DEFINITIONS = (
					"LCLLogFile=LCLLogFile",
					LOGFILE_TESTS_TEMPLATES_BUILD,
				);
				GCC_TREAT_IMPLICIT_FUNCTION_DECLARATIONS_AS_ERRORS = YES;
				GCC_TREAT_NONCONFORMANT_CODE_ERRORS_AS_WARNINGS = YES;
				GCC_TREAT_WARNINGS_AS_ERRORS = YES;
				GCC_WARN_64_TO_32_BIT_CONVERSION = YES;
				GCC_WARN_ABOUT_MISSING_NEWLINE = YES;
				GCC_WARN_ABOUT_MISSING_PROTOTYPES = YES;
				GCC_WARN_CHECK_SWITCH_STATEMENTS = YES;
				GCC_WARN_INITIALIZER_NOT_FULLY_BRACKETED = YES;
				GCC_WARN_MISSING_PARENTHESES = YES;
				GCC_WARN_PROTOTYPE_CONVERSION = NO;
				GCC_WARN_SHADOW = YES;
				GCC_WARN_SIGN_COMPARE = YES;
				GCC_WARN_UNKNOWN_PRAGMAS = YES;
				GCC_WARN_UNUSED_FUNCTION = YES;
				GCC_WARN_UNUSED_LABEL = YES;
				GCC_WARN_UNUSED_PARAMETER = YES;
				GCC_WARN_UNUSED_VALUE = YES;
				INFOPLIST_FILE = "LogFile-Tests/LogFile-Tests-Info.plist";
				INSTALL_PATH = "$(USER_LIBRARY_DIR)/Bundles";
				ONLY_ACTIVE_ARCH = NO;
				OTHER_LDFLAGS = (
					"-framework",
					Foundation,
					"-framework",
					SenTestingKit,
				);
				PRODUCT_NAME = "LogFile-Tests-Standalone";
				SDKROOT = macosx;
				TEST_AFTER_BUILD = YES;
				WARNING_CFLAGS = "-Wall";
				WRAPPER_EXTENSION = octest;
			};
			name = Debug;
		};
		E0CBBD60111C17CB0034B4A0 /* Release */ = {
			isa = XCBuildConfiguration;
			buildSettings = {
				ALWAYS_SEARCH_USER_PATHS = NO;
				ARCHS = (
					i386,
					x86_64,
					ppc,
				);
				COPY_PHASE_STRIP = YES;
				DEBUG_INFORMATION_FORMAT = "dwarf-with-dsym";
				FRAMEWORK_SEARCH_PATHS = "$(DEVELOPER_LIBRARY_DIR)/Frameworks";
				GCC_ENABLE_OBJC_EXCEPTIONS = YES;
				GCC_MODEL_TUNING = G5;
				GCC_PRECOMPILE_PREFIX_HEADER = NO;
				GCC_PREFIX_HEADER = "";
				GCC_PREPROCESSOR_DEFINITIONS = (
					"LCLLogFile=LCLLogFile",
					LOGFILE_TESTS_TEMPLATES_BUILD,
				);
				GCC_TREAT_IMPLICIT_FUNCTION_DECLARATIONS_AS_ERRORS = YES;
				GCC_TREAT_NONCONFORMANT_CODE_ERRORS_AS_WARNINGS = YES;
				GCC_TREAT_WARNINGS_AS_ERRORS = YES;
				GCC_WARN_64_TO_32_BIT_CONVERSION = YES;
				GCC_WARN_ABOUT_MISSING_NEWLINE = YES;
				GCC_WARN_ABOUT_MISSING_PROTOTYPES = YES;
				GCC_WARN_CHECK_SWITCH_STATEMENTS = YES;
				GCC_WARN_INITIALIZER_NOT_FULLY_BRACKETED = YES;
				GCC_WARN_MISSING_PARENTHESES = YES;
				GCC_WARN_PROTOTYPE_CONVERSION = NO;
				GCC_WARN_SHADOW = YES;
				GCC_WARN_SIGN_COMPARE = YES;
				GCC_WARN_UNKNOWN_PRAGMAS = YES;
				GCC_WARN_UNUSED_FUNCTION = YES;
				GCC_WARN_UNUSED_LABEL = YES;
				GCC_WARN_UNUSED_PARAMETER = YES;
				GCC_WARN_UNUSED_VALUE = YES;
				INFOPLIST_FILE = "LogFile-Tests/LogFile-Tests-Info.plist";
				INSTALL_PATH = "$(USER_LIBRARY_DIR)/Bundles";
				OTHER_LDFLAGS = (
					"-framework",
					Foundation,
					"-framework",
					SenTestingKit,
				);
				PRODUCT_NAME = "LogFile-Tests-Standalone";
				SDKROOT = macosx;
				TEST_AFTER_BUILD = YES;
				WARNING_CFLAGS = "-Wall";
				WRAPPER_EXTENSION = octest;
				ZERO_LINK = NO;
			};
			name = Release;
		};
		E0EB43EA10F4B366009540E4 /* Debug */ = {
			isa = XCBuildConfiguration;
			buildSettings = {
				ALWAYS_SEARCH_USER_PATHS = NO;
				COPY_PHASE_STRIP = NO;
				FRAMEWORK_SEARCH_PATHS = "$(DEVELOPER_LIBRARY_DIR)/Frameworks";
				GCC_DYNAMIC_NO_PIC = NO;
				GCC_ENABLE_OBJC_EXCEPTIONS = YES;
				GCC_MODEL_TUNING = G5;
				GCC_OPTIMIZATION_LEVEL = 0;
				GCC_PRECOMPILE_PREFIX_HEADER = NO;
				INFOPLIST_FILE = "LogFile-Tests/LogFile-Tests-Info.plist";
				INSTALL_PATH = "$(USER_LIBRARY_DIR)/Bundles";
				OTHER_LDFLAGS = (
					"-framework",
					Foundation,
					"-framework",
					SenTestingKit,
				);
				PRODUCT_NAME = "LogFile-Tests";
				SDKROOT = macosx;
				TEST_AFTER_BUILD = YES;
				WRAPPER_EXTENSION = octest;
			};
			name = Debug;
		};
		E0EB43EB10F4B366009540E4 /* Release */ = {
			isa = XCBuildConfiguration;
			buildSettings = {
				ALWAYS_SEARCH_USER_PATHS = NO;
				COPY_PHASE_STRIP = YES;
				DEBUG_INFORMATION_FORMAT = "dwarf-with-dsym";
				FRAMEWORK_SEARCH_PATHS = "$(DEVELOPER_LIBRARY_DIR)/Frameworks";
				GCC_ENABLE_OBJC_EXCEPTIONS = YES;
				GCC_MODEL_TUNING = G5;
				GCC_PRECOMPILE_PREFIX_HEADER = NO;
				INFOPLIST_FILE = "LogFile-Tests/LogFile-Tests-Info.plist";
				INSTALL_PATH = "$(USER_LIBRARY_DIR)/Bundles";
				OTHER_LDFLAGS = (
					"-framework",
					Foundation,
					"-framework",
					SenTestingKit,
				);
				PRODUCT_NAME = "LogFile-Tests";
				SDKROOT = macosx;
				TEST_AFTER_BUILD = YES;
				WRAPPER_EXTENSION = octest;
				ZERO_LINK = NO;
			};
			name = Release;
		};
/* End XCBuildConfiguration section */

/* Begin XCConfigurationList section */
		C01FCF4E08A954540054247B /* Build configuration list for PBXProject "LibComponentLogging-LogFile" */ = {
			isa = XCConfigurationList;
			buildConfigurations = (
				C01FCF4F08A954540054247B /* Debug */,
				C01FCF5008A954540054247B /* Release */,
			);
			defaultConfigurationIsVisible = 0;
			defaultConfigurationName = Release;
		};
		E00B95E90F2C88F900309460 /* Build configuration list for PBXNativeTarget "LogFile-Tests-MacOSX" */ = {
			isa = XCConfigurationList;
			buildConfigurations = (
				E00B95E70F2C88F900309460 /* Debug */,
				E00B95E80F2C88F900309460 /* Release */,
			);
			defaultConfigurationIsVisible = 0;
			defaultConfigurationName = Release;
		};
		E03C9F8010F683B40090E09B /* Build configuration list for PBXNativeTarget "LogFile-Tests-iPhoneOS-Device" */ = {
			isa = XCConfigurationList;
			buildConfigurations = (
				E03C9F8110F683B40090E09B /* Debug */,
				E03C9F8210F683B40090E09B /* Release */,
			);
			defaultConfigurationIsVisible = 0;
			defaultConfigurationName = Release;
		};
		E06517B91101E1E9003357A7 /* Build configuration list for PBXNativeTarget "LogFile-Tests-Framework" */ = {
			isa = XCConfigurationList;
			buildConfigurations = (
				E06517B71101E1E9003357A7 /* Debug */,
				E06517B81101E1E9003357A7 /* Release */,
			);
			defaultConfigurationIsVisible = 0;
			defaultConfigurationName = Release;
		};
		E065192E1101F882003357A7 /* Build configuration list for PBXNativeTarget "LogFile-Tests-Templates" */ = {
			isa = XCConfigurationList;
			buildConfigurations = (
				E065192F1101F882003357A7 /* Debug */,
				E06519301101F882003357A7 /* Release */,
			);
			defaultConfigurationIsVisible = 0;
			defaultConfigurationName = Release;
		};
		E0B0BCFD10F8CEF2002B788C /* Build configuration list for PBXNativeTarget "LogFile-Tests-MacOSX-ClangLLVM" */ = {
			isa = XCConfigurationList;
			buildConfigurations = (
				E0B0BCFE10F8CEF2002B788C /* Debug */,
				E0B0BCFF10F8CEF2002B788C /* Release */,
			);
			defaultConfigurationIsVisible = 0;
			defaultConfigurationName = Release;
		};
		E0B56BB9112863B7006E4874 /* Build configuration list for PBXNativeTarget "LogFile-Tests-MacOSX-StaticAnalyzer" */ = {
			isa = XCConfigurationList;
			buildConfigurations = (
				E0B56BBA112863B7006E4874 /* Debug */,
				E0B56BBB112863B7006E4874 /* Release */,
			);
			defaultConfigurationIsVisible = 0;
			defaultConfigurationName = Release;
		};
		E0CBBD5E111C17CB0034B4A0 /* Build configuration list for PBXNativeTarget "LogFile-Tests-Standalone" */ = {
			isa = XCConfigurationList;
			buildConfigurations = (
				E0CBBD5F111C17CB0034B4A0 /* Debug */,
				E0CBBD60111C17CB0034B4A0 /* Release */,
			);
			defaultConfigurationIsVisible = 0;
			defaultConfigurationName = Release;
		};
		E0EB43EC10F4B366009540E4 /* Build configuration list for PBXNativeTarget "LogFile-Tests" */ = {
			isa = XCConfigurationList;
			buildConfigurations = (
				E0EB43EA10F4B366009540E4 /* Debug */,
				E0EB43EB10F4B366009540E4 /* Release */,
			);
			defaultConfigurationIsVisible = 0;
			defaultConfigurationName = Release;
		};
/* End XCConfigurationList section */
	};
	rootObject = 29B97313FDCFA39411CA2CEA /* Project object */;
}
